// !$*UTF8*$!
{
	archiveVersion = 1;
	classes = {
	};
	objectVersion = 46;
	objects = {

/* Begin PBXBuildFile section */
		F607F53D18D898C00062E811 /* UIList.plist in Resources */ = {isa = PBXBuildFile; fileRef = F607F53C18D898C00062E811 /* UIList.plist */; };
		F6229B2D19DB89D700C3D986 /* MKAnnotationView+WebCache.m in Sources */ = {isa = PBXBuildFile; fileRef = F6229B0D19DB89D700C3D986 /* MKAnnotationView+WebCache.m */; };
		F6229B2E19DB89D700C3D986 /* NSData+ImageContentType.m in Sources */ = {isa = PBXBuildFile; fileRef = F6229B0F19DB89D700C3D986 /* NSData+ImageContentType.m */; };
		F6229B2F19DB89D700C3D986 /* SDImageCache.m in Sources */ = {isa = PBXBuildFile; fileRef = F6229B1119DB89D700C3D986 /* SDImageCache.m */; };
		F6229B3019DB89D700C3D986 /* SDWebImageCompat.m in Sources */ = {isa = PBXBuildFile; fileRef = F6229B1319DB89D700C3D986 /* SDWebImageCompat.m */; };
		F6229B3119DB89D700C3D986 /* SDWebImageDecoder.m in Sources */ = {isa = PBXBuildFile; fileRef = F6229B1519DB89D700C3D986 /* SDWebImageDecoder.m */; };
		F6229B3219DB89D700C3D986 /* SDWebImageDownloader.m in Sources */ = {isa = PBXBuildFile; fileRef = F6229B1719DB89D700C3D986 /* SDWebImageDownloader.m */; };
		F6229B3319DB89D700C3D986 /* SDWebImageDownloaderOperation.m in Sources */ = {isa = PBXBuildFile; fileRef = F6229B1919DB89D700C3D986 /* SDWebImageDownloaderOperation.m */; };
		F6229B3419DB89D700C3D986 /* SDWebImageManager.m in Sources */ = {isa = PBXBuildFile; fileRef = F6229B1B19DB89D700C3D986 /* SDWebImageManager.m */; };
		F6229B3519DB89D700C3D986 /* SDWebImagePrefetcher.m in Sources */ = {isa = PBXBuildFile; fileRef = F6229B1E19DB89D700C3D986 /* SDWebImagePrefetcher.m */; };
		F6229B3619DB89D700C3D986 /* UIButton+WebCache.m in Sources */ = {isa = PBXBuildFile; fileRef = F6229B2019DB89D700C3D986 /* UIButton+WebCache.m */; };
		F6229B3719DB89D700C3D986 /* UIImage+GIF.m in Sources */ = {isa = PBXBuildFile; fileRef = F6229B2219DB89D700C3D986 /* UIImage+GIF.m */; };
		F6229B3819DB89D700C3D986 /* UIImage+MultiFormat.m in Sources */ = {isa = PBXBuildFile; fileRef = F6229B2419DB89D700C3D986 /* UIImage+MultiFormat.m */; };
		F6229B3919DB89D700C3D986 /* UIImage+WebP.m in Sources */ = {isa = PBXBuildFile; fileRef = F6229B2619DB89D700C3D986 /* UIImage+WebP.m */; };
		F6229B3A19DB89D700C3D986 /* UIImageView+HighlightedWebCache.m in Sources */ = {isa = PBXBuildFile; fileRef = F6229B2819DB89D700C3D986 /* UIImageView+HighlightedWebCache.m */; };
		F6229B3B19DB89D700C3D986 /* UIImageView+WebCache.m in Sources */ = {isa = PBXBuildFile; fileRef = F6229B2A19DB89D700C3D986 /* UIImageView+WebCache.m */; };
		F6229B3C19DB89D700C3D986 /* UIView+WebCacheOperation.m in Sources */ = {isa = PBXBuildFile; fileRef = F6229B2C19DB89D700C3D986 /* UIView+WebCacheOperation.m */; };
		F62549611A230A8B00DFAD6E /* XPViewTransitionController.swift in Sources */ = {isa = PBXBuildFile; fileRef = F62549601A230A8B00DFAD6E /* XPViewTransitionController.swift */; };
		F62549631A23288500DFAD6E /* XPTransitionSettingViewController.swift in Sources */ = {isa = PBXBuildFile; fileRef = F62549621A23288500DFAD6E /* XPTransitionSettingViewController.swift */; };
		F62573811A090E30006BADE2 /* CoreGraphics.framework in Frameworks */ = {isa = PBXBuildFile; fileRef = F6AB8BB518D8953800710409 /* CoreGraphics.framework */; };
		F6570E9D18EA8BFA0060B6D0 /* XPAnimateTabViewController.m in Sources */ = {isa = PBXBuildFile; fileRef = F6570E9C18EA8BFA0060B6D0 /* XPAnimateTabViewController.m */; };
		F6570EA018EA8ED30060B6D0 /* XPTabScrollView.m in Sources */ = {isa = PBXBuildFile; fileRef = F6570E9F18EA8ED30060B6D0 /* XPTabScrollView.m */; };
		F6570EA318EA8F070060B6D0 /* XPContentScrollView.m in Sources */ = {isa = PBXBuildFile; fileRef = F6570EA218EA8F070060B6D0 /* XPContentScrollView.m */; };
		F66C92BA18E1A5F40070341F /* XPBlurSlideBarController.m in Sources */ = {isa = PBXBuildFile; fileRef = F66C92B718E1A5F40070341F /* XPBlurSlideBarController.m */; };
		F66C92BB18E1A5F40070341F /* XPBlurSlideBarViewController.m in Sources */ = {isa = PBXBuildFile; fileRef = F66C92B918E1A5F40070341F /* XPBlurSlideBarViewController.m */; };
		F66C92BF18E1A6DB0070341F /* XPDrawerViewController.m in Sources */ = {isa = PBXBuildFile; fileRef = F66C92BE18E1A6DB0070341F /* XPDrawerViewController.m */; };
		F66C92C218E1B27D0070341F /* XPLeftDrawerViewController.m in Sources */ = {isa = PBXBuildFile; fileRef = F66C92C118E1B27D0070341F /* XPLeftDrawerViewController.m */; };
		F66C92C518E1B28E0070341F /* XPRightDrawerViewController.m in Sources */ = {isa = PBXBuildFile; fileRef = F66C92C418E1B28E0070341F /* XPRightDrawerViewController.m */; };
		F66C92C818E1B7050070341F /* XPDrawerModel.m in Sources */ = {isa = PBXBuildFile; fileRef = F66C92C718E1B7050070341F /* XPDrawerModel.m */; };
		F68C55701A24227E007E1397 /* XPReversibleAnimationController.swift in Sources */ = {isa = PBXBuildFile; fileRef = F68C556F1A24227E007E1397 /* XPReversibleAnimationController.swift */; };
		F68C55721A2422B9007E1397 /* XPBaseInteractionController.swift in Sources */ = {isa = PBXBuildFile; fileRef = F68C55711A2422B9007E1397 /* XPBaseInteractionController.swift */; };
		F68C55741A242995007E1397 /* XPTransitionPreference.swift in Sources */ = {isa = PBXBuildFile; fileRef = F68C55731A242995007E1397 /* XPTransitionPreference.swift */; };
		F69F1EDB18E2CD2C00B4F208 /* XPDrawerButton.m in Sources */ = {isa = PBXBuildFile; fileRef = F69F1EDA18E2CD2C00B4F208 /* XPDrawerButton.m */; };
		F69F1EDE18E2DBB400B4F208 /* XPTopicViewController.m in Sources */ = {isa = PBXBuildFile; fileRef = F69F1EDD18E2DBB400B4F208 /* XPTopicViewController.m */; };
		F69F1EE118E2DBD500B4F208 /* XPCommentViewController.m in Sources */ = {isa = PBXBuildFile; fileRef = F69F1EE018E2DBD500B4F208 /* XPCommentViewController.m */; };
		F69F1EE418E2DBF100B4F208 /* XPImageViewController.m in Sources */ = {isa = PBXBuildFile; fileRef = F69F1EE318E2DBF100B4F208 /* XPImageViewController.m */; };
		F69F1EE718E2DC0F00B4F208 /* XPSubscriptionViewController.m in Sources */ = {isa = PBXBuildFile; fileRef = F69F1EE618E2DC0F00B4F208 /* XPSubscriptionViewController.m */; };
		F69F1EEA18E2DC3C00B4F208 /* XPLocalViewController.m in Sources */ = {isa = PBXBuildFile; fileRef = F69F1EE918E2DC3C00B4F208 /* XPLocalViewController.m */; };
		F6A23BAE18FA24E400FEF468 /* XPPhoto.m in Sources */ = {isa = PBXBuildFile; fileRef = F6A23BAD18FA24E400FEF468 /* XPPhoto.m */; };
		F6A23BB118FA25C700FEF468 /* XPPhotoBrowser.m in Sources */ = {isa = PBXBuildFile; fileRef = F6A23BB018FA25C700FEF468 /* XPPhotoBrowser.m */; };
		F6A23BB718FA323C00FEF468 /* XPPhotoView.m in Sources */ = {isa = PBXBuildFile; fileRef = F6A23BB618FA323C00FEF468 /* XPPhotoView.m */; };
		F6A65C6818F2DAB300FCE300 /* AssetsLibrary.framework in Frameworks */ = {isa = PBXBuildFile; fileRef = F6A65C6718F2DAB300FCE300 /* AssetsLibrary.framework */; };
		F6A6D6AF1907BBE5000C0965 /* UIAlertView+Category.m in Sources */ = {isa = PBXBuildFile; fileRef = F6A6D6AE1907BBE5000C0965 /* UIAlertView+Category.m */; };
		F6A7F0F218E9ABC60084DB80 /* UILabel+Category.m in Sources */ = {isa = PBXBuildFile; fileRef = F6A7F0F118E9ABC60084DB80 /* UILabel+Category.m */; };
		F6A8875918E1F31D00D6E033 /* XPNewsViewController.m in Sources */ = {isa = PBXBuildFile; fileRef = F6A8875818E1F31D00D6E033 /* XPNewsViewController.m */; };
		F6A99603193A8A2C00EB4366 /* UIImage+Category.m in Sources */ = {isa = PBXBuildFile; fileRef = F6A99602193A8A2C00EB4366 /* UIImage+Category.m */; };
		F6A99606193A8BC700EB4366 /* UIView+Category.m in Sources */ = {isa = PBXBuildFile; fileRef = F6A99605193A8BC700EB4366 /* UIView+Category.m */; };
		F6AB8BB418D8953800710409 /* Foundation.framework in Frameworks */ = {isa = PBXBuildFile; fileRef = F6AB8BB318D8953800710409 /* Foundation.framework */; };
		F6AB8BB818D8953800710409 /* UIKit.framework in Frameworks */ = {isa = PBXBuildFile; fileRef = F6AB8BB718D8953800710409 /* UIKit.framework */; };
		F6AB8BBE18D8953800710409 /* InfoPlist.strings in Resources */ = {isa = PBXBuildFile; fileRef = F6AB8BBC18D8953800710409 /* InfoPlist.strings */; };
		F6AB8BC018D8953800710409 /* main.m in Sources */ = {isa = PBXBuildFile; fileRef = F6AB8BBF18D8953800710409 /* main.m */; };
		F6AB8BC418D8953800710409 /* XPAppDelegate.m in Sources */ = {isa = PBXBuildFile; fileRef = F6AB8BC318D8953800710409 /* XPAppDelegate.m */; };
		F6AB8BC618D8953800710409 /* Images.xcassets in Resources */ = {isa = PBXBuildFile; fileRef = F6AB8BC518D8953800710409 /* Images.xcassets */; };
		F6AB8BCD18D8953800710409 /* XCTest.framework in Frameworks */ = {isa = PBXBuildFile; fileRef = F6AB8BCC18D8953800710409 /* XCTest.framework */; };
		F6AB8BCE18D8953800710409 /* Foundation.framework in Frameworks */ = {isa = PBXBuildFile; fileRef = F6AB8BB318D8953800710409 /* Foundation.framework */; };
		F6AB8BCF18D8953800710409 /* UIKit.framework in Frameworks */ = {isa = PBXBuildFile; fileRef = F6AB8BB718D8953800710409 /* UIKit.framework */; };
		F6AB8BD718D8953800710409 /* InfoPlist.strings in Resources */ = {isa = PBXBuildFile; fileRef = F6AB8BD518D8953800710409 /* InfoPlist.strings */; };
		F6AB8BD918D8953800710409 /* iOS_Cook_UITests.m in Sources */ = {isa = PBXBuildFile; fileRef = F6AB8BD818D8953800710409 /* iOS_Cook_UITests.m */; };
		F6ADC14719E7AE6800B3FBDE /* WalkThrough.storyboard in Resources */ = {isa = PBXBuildFile; fileRef = F6ADC14619E7AE6800B3FBDE /* WalkThrough.storyboard */; };
		F6ADC14919E7AE8F00B3FBDE /* XPWalkThroughContainerViewController.swift in Sources */ = {isa = PBXBuildFile; fileRef = F6ADC14819E7AE8F00B3FBDE /* XPWalkThroughContainerViewController.swift */; };
		F6ADC14B19E7B17B00B3FBDE /* iPhoneScreen@2x.png in Resources */ = {isa = PBXBuildFile; fileRef = F6ADC14A19E7B17B00B3FBDE /* iPhoneScreen@2x.png */; };
		F6ADC14D19E7B19F00B3FBDE /* cloud3@2x.png in Resources */ = {isa = PBXBuildFile; fileRef = F6ADC14C19E7B19F00B3FBDE /* cloud3@2x.png */; };
		F6ADC14F19E7B1B000B3FBDE /* cloud1@2x.png in Resources */ = {isa = PBXBuildFile; fileRef = F6ADC14E19E7B1B000B3FBDE /* cloud1@2x.png */; };
		F6ADC15119E7B1EF00B3FBDE /* bg@2x.jpg in Resources */ = {isa = PBXBuildFile; fileRef = F6ADC15019E7B1EF00B3FBDE /* bg@2x.jpg */; };
		F6ADC15319E7B20600B3FBDE /* img3@2x.png in Resources */ = {isa = PBXBuildFile; fileRef = F6ADC15219E7B20600B3FBDE /* img3@2x.png */; };
		F6ADC15519E7C0FA00B3FBDE /* XPWalkThroughPageViewController.swift in Sources */ = {isa = PBXBuildFile; fileRef = F6ADC15419E7C0FA00B3FBDE /* XPWalkThroughPageViewController.swift */; };
		F6B2B2E219E8286500E3C946 /* XPCustomPageViewController.swift in Sources */ = {isa = PBXBuildFile; fileRef = F6B2B2E119E8286500E3C946 /* XPCustomPageViewController.swift */; };
		F6B3D53B196F826B00291E4B /* pullrefresh.aif in Resources */ = {isa = PBXBuildFile; fileRef = F6B3D53A196F826B00291E4B /* pullrefresh.aif */; };
		F6B969F21939F3E4001D5862 /* XPZoneHeaderView.m in Sources */ = {isa = PBXBuildFile; fileRef = F6B969F11939F3E4001D5862 /* XPZoneHeaderView.m */; };
		F6B969F61939F486001D5862 /* XPSoundManager.m in Sources */ = {isa = PBXBuildFile; fileRef = F6B969F51939F486001D5862 /* XPSoundManager.m */; };
		F6B969F81939F61E001D5862 /* AudioToolbox.framework in Frameworks */ = {isa = PBXBuildFile; fileRef = F6B969F71939F61E001D5862 /* AudioToolbox.framework */; };
		F6B969FB1939FEFF001D5862 /* XPZoneRefreshView.m in Sources */ = {isa = PBXBuildFile; fileRef = F6B969FA1939FEFF001D5862 /* XPZoneRefreshView.m */; };
		F6B969FE1939FF2E001D5862 /* XPZoneTableViewController.m in Sources */ = {isa = PBXBuildFile; fileRef = F6B969FD1939FF2E001D5862 /* XPZoneTableViewController.m */; };
		F6C073951A037AA700EF2B0A /* XPRefreshAnimationBaseView.swift in Sources */ = {isa = PBXBuildFile; fileRef = F6C0738D1A037AA700EF2B0A /* XPRefreshAnimationBaseView.swift */; };
		F6C073961A037AA700EF2B0A /* XPRefreshBaseView.swift in Sources */ = {isa = PBXBuildFile; fileRef = F6C0738E1A037AA700EF2B0A /* XPRefreshBaseView.swift */; };
		F6C073971A037AA700EF2B0A /* XPRefreshCommonAnimationView.swift in Sources */ = {isa = PBXBuildFile; fileRef = F6C0738F1A037AA700EF2B0A /* XPRefreshCommonAnimationView.swift */; };
		F6C073981A037AA700EF2B0A /* XPRefreshFooterView.swift in Sources */ = {isa = PBXBuildFile; fileRef = F6C073901A037AA700EF2B0A /* XPRefreshFooterView.swift */; };
		F6C073991A037AA700EF2B0A /* XPRefreshHeaderView.swift in Sources */ = {isa = PBXBuildFile; fileRef = F6C073911A037AA700EF2B0A /* XPRefreshHeaderView.swift */; };
		F6C0739A1A037AA700EF2B0A /* XPRefreshTableViewConfig.swift in Sources */ = {isa = PBXBuildFile; fileRef = F6C073921A037AA700EF2B0A /* XPRefreshTableViewConfig.swift */; };
		F6C0739B1A037AA700EF2B0A /* XPRefreshTableViewController.swift in Sources */ = {isa = PBXBuildFile; fileRef = F6C073931A037AA700EF2B0A /* XPRefreshTableViewController.swift */; };
		F6C0739C1A037AA700EF2B0A /* XPRefreshViewProtocol.swift in Sources */ = {isa = PBXBuildFile; fileRef = F6C073941A037AA700EF2B0A /* XPRefreshViewProtocol.swift */; };
		F6C24266199B86B600158F08 /* MBProgressHUD.m in Sources */ = {isa = PBXBuildFile; fileRef = F6C24265199B86B600158F08 /* MBProgressHUD.m */; };
		F6C8F5451A00CF91005D01AE /* XPUITableViewController.swift in Sources */ = {isa = PBXBuildFile; fileRef = F6C8F5441A00CF91005D01AE /* XPUITableViewController.swift */; };
		F6C8F5471A00DA55005D01AE /* XPMainStoryboard.storyboard in Resources */ = {isa = PBXBuildFile; fileRef = F6C8F5461A00DA55005D01AE /* XPMainStoryboard.storyboard */; };
		F6DBB97D19E6DF4000062F56 /* XPWalkThroughViewController.swift in Sources */ = {isa = PBXBuildFile; fileRef = F6DBB97C19E6DF4000062F56 /* XPWalkThroughViewController.swift */; };
		F6DDD22918F9ADA10083D3B2 /* XPPhotoBrowseViewController.m in Sources */ = {isa = PBXBuildFile; fileRef = F6DDD22818F9ADA10083D3B2 /* XPPhotoBrowseViewController.m */; };
		F6EBBEB018DFF6BD001C252C /* UIColor+Category.m in Sources */ = {isa = PBXBuildFile; fileRef = F6EBBEAF18DFF6BD001C252C /* UIColor+Category.m */; };
		F6FEEED01903DA2500FD9440 /* XPPhotoLoadingView.m in Sources */ = {isa = PBXBuildFile; fileRef = F6FEEECF1903DA2500FD9440 /* XPPhotoLoadingView.m */; };
		F6FEEED31903DB4300FD9440 /* XPProgressView.m in Sources */ = {isa = PBXBuildFile; fileRef = F6FEEED21903DB4300FD9440 /* XPProgressView.m */; };
/* End PBXBuildFile section */

/* Begin PBXContainerItemProxy section */
		F6AB8BD018D8953800710409 /* PBXContainerItemProxy */ = {
			isa = PBXContainerItemProxy;
			containerPortal = F6AB8BA818D8953800710409 /* Project object */;
			proxyType = 1;
			remoteGlobalIDString = F6AB8BAF18D8953800710409;
			remoteInfo = "iOS-Cook-UI";
		};
/* End PBXContainerItemProxy section */

/* Begin PBXCopyFilesBuildPhase section */
		F6C3E3EE19E6F57B00B9632B /* Embed App Extensions */ = {
			isa = PBXCopyFilesBuildPhase;
			buildActionMask = 2147483647;
			dstPath = "";
			dstSubfolderSpec = 13;
			files = (
			);
			name = "Embed App Extensions";
			runOnlyForDeploymentPostprocessing = 0;
		};
/* End PBXCopyFilesBuildPhase section */

/* Begin PBXFileReference section */
		F607F53C18D898C00062E811 /* UIList.plist */ = {isa = PBXFileReference; fileEncoding = 4; lastKnownFileType = text.plist.xml; path = UIList.plist; sourceTree = "<group>"; };
		F6229B0C19DB89D700C3D986 /* MKAnnotationView+WebCache.h */ = {isa = PBXFileReference; fileEncoding = 4; lastKnownFileType = sourcecode.c.h; path = "MKAnnotationView+WebCache.h"; sourceTree = "<group>"; };
		F6229B0D19DB89D700C3D986 /* MKAnnotationView+WebCache.m */ = {isa = PBXFileReference; fileEncoding = 4; lastKnownFileType = sourcecode.c.objc; path = "MKAnnotationView+WebCache.m"; sourceTree = "<group>"; };
		F6229B0E19DB89D700C3D986 /* NSData+ImageContentType.h */ = {isa = PBXFileReference; fileEncoding = 4; lastKnownFileType = sourcecode.c.h; path = "NSData+ImageContentType.h"; sourceTree = "<group>"; };
		F6229B0F19DB89D700C3D986 /* NSData+ImageContentType.m */ = {isa = PBXFileReference; fileEncoding = 4; lastKnownFileType = sourcecode.c.objc; path = "NSData+ImageContentType.m"; sourceTree = "<group>"; };
		F6229B1019DB89D700C3D986 /* SDImageCache.h */ = {isa = PBXFileReference; fileEncoding = 4; lastKnownFileType = sourcecode.c.h; path = SDImageCache.h; sourceTree = "<group>"; };
		F6229B1119DB89D700C3D986 /* SDImageCache.m */ = {isa = PBXFileReference; fileEncoding = 4; lastKnownFileType = sourcecode.c.objc; path = SDImageCache.m; sourceTree = "<group>"; };
		F6229B1219DB89D700C3D986 /* SDWebImageCompat.h */ = {isa = PBXFileReference; fileEncoding = 4; lastKnownFileType = sourcecode.c.h; path = SDWebImageCompat.h; sourceTree = "<group>"; };
		F6229B1319DB89D700C3D986 /* SDWebImageCompat.m */ = {isa = PBXFileReference; fileEncoding = 4; lastKnownFileType = sourcecode.c.objc; path = SDWebImageCompat.m; sourceTree = "<group>"; };
		F6229B1419DB89D700C3D986 /* SDWebImageDecoder.h */ = {isa = PBXFileReference; fileEncoding = 4; lastKnownFileType = sourcecode.c.h; path = SDWebImageDecoder.h; sourceTree = "<group>"; };
		F6229B1519DB89D700C3D986 /* SDWebImageDecoder.m */ = {isa = PBXFileReference; fileEncoding = 4; lastKnownFileType = sourcecode.c.objc; path = SDWebImageDecoder.m; sourceTree = "<group>"; };
		F6229B1619DB89D700C3D986 /* SDWebImageDownloader.h */ = {isa = PBXFileReference; fileEncoding = 4; lastKnownFileType = sourcecode.c.h; path = SDWebImageDownloader.h; sourceTree = "<group>"; };
		F6229B1719DB89D700C3D986 /* SDWebImageDownloader.m */ = {isa = PBXFileReference; fileEncoding = 4; lastKnownFileType = sourcecode.c.objc; path = SDWebImageDownloader.m; sourceTree = "<group>"; };
		F6229B1819DB89D700C3D986 /* SDWebImageDownloaderOperation.h */ = {isa = PBXFileReference; fileEncoding = 4; lastKnownFileType = sourcecode.c.h; path = SDWebImageDownloaderOperation.h; sourceTree = "<group>"; };
		F6229B1919DB89D700C3D986 /* SDWebImageDownloaderOperation.m */ = {isa = PBXFileReference; fileEncoding = 4; lastKnownFileType = sourcecode.c.objc; path = SDWebImageDownloaderOperation.m; sourceTree = "<group>"; };
		F6229B1A19DB89D700C3D986 /* SDWebImageManager.h */ = {isa = PBXFileReference; fileEncoding = 4; lastKnownFileType = sourcecode.c.h; path = SDWebImageManager.h; sourceTree = "<group>"; };
		F6229B1B19DB89D700C3D986 /* SDWebImageManager.m */ = {isa = PBXFileReference; fileEncoding = 4; lastKnownFileType = sourcecode.c.objc; path = SDWebImageManager.m; sourceTree = "<group>"; };
		F6229B1C19DB89D700C3D986 /* SDWebImageOperation.h */ = {isa = PBXFileReference; fileEncoding = 4; lastKnownFileType = sourcecode.c.h; path = SDWebImageOperation.h; sourceTree = "<group>"; };
		F6229B1D19DB89D700C3D986 /* SDWebImagePrefetcher.h */ = {isa = PBXFileReference; fileEncoding = 4; lastKnownFileType = sourcecode.c.h; path = SDWebImagePrefetcher.h; sourceTree = "<group>"; };
		F6229B1E19DB89D700C3D986 /* SDWebImagePrefetcher.m */ = {isa = PBXFileReference; fileEncoding = 4; lastKnownFileType = sourcecode.c.objc; path = SDWebImagePrefetcher.m; sourceTree = "<group>"; };
		F6229B1F19DB89D700C3D986 /* UIButton+WebCache.h */ = {isa = PBXFileReference; fileEncoding = 4; lastKnownFileType = sourcecode.c.h; path = "UIButton+WebCache.h"; sourceTree = "<group>"; };
		F6229B2019DB89D700C3D986 /* UIButton+WebCache.m */ = {isa = PBXFileReference; fileEncoding = 4; lastKnownFileType = sourcecode.c.objc; path = "UIButton+WebCache.m"; sourceTree = "<group>"; };
		F6229B2119DB89D700C3D986 /* UIImage+GIF.h */ = {isa = PBXFileReference; fileEncoding = 4; lastKnownFileType = sourcecode.c.h; path = "UIImage+GIF.h"; sourceTree = "<group>"; };
		F6229B2219DB89D700C3D986 /* UIImage+GIF.m */ = {isa = PBXFileReference; fileEncoding = 4; lastKnownFileType = sourcecode.c.objc; path = "UIImage+GIF.m"; sourceTree = "<group>"; };
		F6229B2319DB89D700C3D986 /* UIImage+MultiFormat.h */ = {isa = PBXFileReference; fileEncoding = 4; lastKnownFileType = sourcecode.c.h; path = "UIImage+MultiFormat.h"; sourceTree = "<group>"; };
		F6229B2419DB89D700C3D986 /* UIImage+MultiFormat.m */ = {isa = PBXFileReference; fileEncoding = 4; lastKnownFileType = sourcecode.c.objc; path = "UIImage+MultiFormat.m"; sourceTree = "<group>"; };
		F6229B2519DB89D700C3D986 /* UIImage+WebP.h */ = {isa = PBXFileReference; fileEncoding = 4; lastKnownFileType = sourcecode.c.h; path = "UIImage+WebP.h"; sourceTree = "<group>"; };
		F6229B2619DB89D700C3D986 /* UIImage+WebP.m */ = {isa = PBXFileReference; fileEncoding = 4; lastKnownFileType = sourcecode.c.objc; path = "UIImage+WebP.m"; sourceTree = "<group>"; };
		F6229B2719DB89D700C3D986 /* UIImageView+HighlightedWebCache.h */ = {isa = PBXFileReference; fileEncoding = 4; lastKnownFileType = sourcecode.c.h; path = "UIImageView+HighlightedWebCache.h"; sourceTree = "<group>"; };
		F6229B2819DB89D700C3D986 /* UIImageView+HighlightedWebCache.m */ = {isa = PBXFileReference; fileEncoding = 4; lastKnownFileType = sourcecode.c.objc; path = "UIImageView+HighlightedWebCache.m"; sourceTree = "<group>"; };
		F6229B2919DB89D700C3D986 /* UIImageView+WebCache.h */ = {isa = PBXFileReference; fileEncoding = 4; lastKnownFileType = sourcecode.c.h; path = "UIImageView+WebCache.h"; sourceTree = "<group>"; };
		F6229B2A19DB89D700C3D986 /* UIImageView+WebCache.m */ = {isa = PBXFileReference; fileEncoding = 4; lastKnownFileType = sourcecode.c.objc; path = "UIImageView+WebCache.m"; sourceTree = "<group>"; };
		F6229B2B19DB89D700C3D986 /* UIView+WebCacheOperation.h */ = {isa = PBXFileReference; fileEncoding = 4; lastKnownFileType = sourcecode.c.h; path = "UIView+WebCacheOperation.h"; sourceTree = "<group>"; };
		F6229B2C19DB89D700C3D986 /* UIView+WebCacheOperation.m */ = {isa = PBXFileReference; fileEncoding = 4; lastKnownFileType = sourcecode.c.objc; path = "UIView+WebCacheOperation.m"; sourceTree = "<group>"; };
		F62549601A230A8B00DFAD6E /* XPViewTransitionController.swift */ = {isa = PBXFileReference; fileEncoding = 4; lastKnownFileType = sourcecode.swift; path = XPViewTransitionController.swift; sourceTree = "<group>"; };
		F62549621A23288500DFAD6E /* XPTransitionSettingViewController.swift */ = {isa = PBXFileReference; fileEncoding = 4; lastKnownFileType = sourcecode.swift; path = XPTransitionSettingViewController.swift; sourceTree = "<group>"; };
		F6570E9B18EA8BFA0060B6D0 /* XPAnimateTabViewController.h */ = {isa = PBXFileReference; fileEncoding = 4; lastKnownFileType = sourcecode.c.h; path = XPAnimateTabViewController.h; sourceTree = "<group>"; };
		F6570E9C18EA8BFA0060B6D0 /* XPAnimateTabViewController.m */ = {isa = PBXFileReference; fileEncoding = 4; lastKnownFileType = sourcecode.c.objc; path = XPAnimateTabViewController.m; sourceTree = "<group>"; };
		F6570E9E18EA8ED30060B6D0 /* XPTabScrollView.h */ = {isa = PBXFileReference; fileEncoding = 4; lastKnownFileType = sourcecode.c.h; path = XPTabScrollView.h; sourceTree = "<group>"; };
		F6570E9F18EA8ED30060B6D0 /* XPTabScrollView.m */ = {isa = PBXFileReference; fileEncoding = 4; lastKnownFileType = sourcecode.c.objc; path = XPTabScrollView.m; sourceTree = "<group>"; };
		F6570EA118EA8F070060B6D0 /* XPContentScrollView.h */ = {isa = PBXFileReference; fileEncoding = 4; lastKnownFileType = sourcecode.c.h; path = XPContentScrollView.h; sourceTree = "<group>"; };
		F6570EA218EA8F070060B6D0 /* XPContentScrollView.m */ = {isa = PBXFileReference; fileEncoding = 4; lastKnownFileType = sourcecode.c.objc; path = XPContentScrollView.m; sourceTree = "<group>"; };
		F66C92B618E1A5F40070341F /* XPBlurSlideBarController.h */ = {isa = PBXFileReference; fileEncoding = 4; lastKnownFileType = sourcecode.c.h; path = XPBlurSlideBarController.h; sourceTree = "<group>"; };
		F66C92B718E1A5F40070341F /* XPBlurSlideBarController.m */ = {isa = PBXFileReference; fileEncoding = 4; lastKnownFileType = sourcecode.c.objc; path = XPBlurSlideBarController.m; sourceTree = "<group>"; };
		F66C92B818E1A5F40070341F /* XPBlurSlideBarViewController.h */ = {isa = PBXFileReference; fileEncoding = 4; lastKnownFileType = sourcecode.c.h; path = XPBlurSlideBarViewController.h; sourceTree = "<group>"; };
		F66C92B918E1A5F40070341F /* XPBlurSlideBarViewController.m */ = {isa = PBXFileReference; fileEncoding = 4; lastKnownFileType = sourcecode.c.objc; path = XPBlurSlideBarViewController.m; sourceTree = "<group>"; };
		F66C92BD18E1A6DB0070341F /* XPDrawerViewController.h */ = {isa = PBXFileReference; fileEncoding = 4; lastKnownFileType = sourcecode.c.h; path = XPDrawerViewController.h; sourceTree = "<group>"; };
		F66C92BE18E1A6DB0070341F /* XPDrawerViewController.m */ = {isa = PBXFileReference; fileEncoding = 4; lastKnownFileType = sourcecode.c.objc; path = XPDrawerViewController.m; sourceTree = "<group>"; };
		F66C92C018E1B27D0070341F /* XPLeftDrawerViewController.h */ = {isa = PBXFileReference; fileEncoding = 4; lastKnownFileType = sourcecode.c.h; path = XPLeftDrawerViewController.h; sourceTree = "<group>"; };
		F66C92C118E1B27D0070341F /* XPLeftDrawerViewController.m */ = {isa = PBXFileReference; fileEncoding = 4; lastKnownFileType = sourcecode.c.objc; path = XPLeftDrawerViewController.m; sourceTree = "<group>"; };
		F66C92C318E1B28E0070341F /* XPRightDrawerViewController.h */ = {isa = PBXFileReference; fileEncoding = 4; lastKnownFileType = sourcecode.c.h; path = XPRightDrawerViewController.h; sourceTree = "<group>"; };
		F66C92C418E1B28E0070341F /* XPRightDrawerViewController.m */ = {isa = PBXFileReference; fileEncoding = 4; lastKnownFileType = sourcecode.c.objc; path = XPRightDrawerViewController.m; sourceTree = "<group>"; };
		F66C92C618E1B7050070341F /* XPDrawerModel.h */ = {isa = PBXFileReference; fileEncoding = 4; lastKnownFileType = sourcecode.c.h; path = XPDrawerModel.h; sourceTree = "<group>"; };
		F66C92C718E1B7050070341F /* XPDrawerModel.m */ = {isa = PBXFileReference; fileEncoding = 4; lastKnownFileType = sourcecode.c.objc; path = XPDrawerModel.m; sourceTree = "<group>"; };
		F685B4E81A090EC7003C30E2 /* CarrierBundleUtilities.dylib */ = {isa = PBXFileReference; lastKnownFileType = "compiled.mach-o.dylib"; name = CarrierBundleUtilities.dylib; path = usr/lib/CarrierBundleUtilities.dylib; sourceTree = SDKROOT; };
		F68C556F1A24227E007E1397 /* XPReversibleAnimationController.swift */ = {isa = PBXFileReference; fileEncoding = 4; lastKnownFileType = sourcecode.swift; path = XPReversibleAnimationController.swift; sourceTree = "<group>"; };
		F68C55711A2422B9007E1397 /* XPBaseInteractionController.swift */ = {isa = PBXFileReference; fileEncoding = 4; lastKnownFileType = sourcecode.swift; path = XPBaseInteractionController.swift; sourceTree = "<group>"; };
		F68C55731A242995007E1397 /* XPTransitionPreference.swift */ = {isa = PBXFileReference; fileEncoding = 4; lastKnownFileType = sourcecode.swift; path = XPTransitionPreference.swift; sourceTree = "<group>"; };
		F69F1ED918E2CD2C00B4F208 /* XPDrawerButton.h */ = {isa = PBXFileReference; fileEncoding = 4; lastKnownFileType = sourcecode.c.h; path = XPDrawerButton.h; sourceTree = "<group>"; };
		F69F1EDA18E2CD2C00B4F208 /* XPDrawerButton.m */ = {isa = PBXFileReference; fileEncoding = 4; lastKnownFileType = sourcecode.c.objc; path = XPDrawerButton.m; sourceTree = "<group>"; };
		F69F1EDC18E2DBB400B4F208 /* XPTopicViewController.h */ = {isa = PBXFileReference; fileEncoding = 4; lastKnownFileType = sourcecode.c.h; path = XPTopicViewController.h; sourceTree = "<group>"; };
		F69F1EDD18E2DBB400B4F208 /* XPTopicViewController.m */ = {isa = PBXFileReference; fileEncoding = 4; lastKnownFileType = sourcecode.c.objc; path = XPTopicViewController.m; sourceTree = "<group>"; };
		F69F1EDF18E2DBD500B4F208 /* XPCommentViewController.h */ = {isa = PBXFileReference; fileEncoding = 4; lastKnownFileType = sourcecode.c.h; path = XPCommentViewController.h; sourceTree = "<group>"; };
		F69F1EE018E2DBD500B4F208 /* XPCommentViewController.m */ = {isa = PBXFileReference; fileEncoding = 4; lastKnownFileType = sourcecode.c.objc; path = XPCommentViewController.m; sourceTree = "<group>"; };
		F69F1EE218E2DBF100B4F208 /* XPImageViewController.h */ = {isa = PBXFileReference; fileEncoding = 4; lastKnownFileType = sourcecode.c.h; path = XPImageViewController.h; sourceTree = "<group>"; };
		F69F1EE318E2DBF100B4F208 /* XPImageViewController.m */ = {isa = PBXFileReference; fileEncoding = 4; lastKnownFileType = sourcecode.c.objc; path = XPImageViewController.m; sourceTree = "<group>"; };
		F69F1EE518E2DC0F00B4F208 /* XPSubscriptionViewController.h */ = {isa = PBXFileReference; fileEncoding = 4; lastKnownFileType = sourcecode.c.h; path = XPSubscriptionViewController.h; sourceTree = "<group>"; };
		F69F1EE618E2DC0F00B4F208 /* XPSubscriptionViewController.m */ = {isa = PBXFileReference; fileEncoding = 4; lastKnownFileType = sourcecode.c.objc; path = XPSubscriptionViewController.m; sourceTree = "<group>"; };
		F69F1EE818E2DC3C00B4F208 /* XPLocalViewController.h */ = {isa = PBXFileReference; fileEncoding = 4; lastKnownFileType = sourcecode.c.h; path = XPLocalViewController.h; sourceTree = "<group>"; };
		F69F1EE918E2DC3C00B4F208 /* XPLocalViewController.m */ = {isa = PBXFileReference; fileEncoding = 4; lastKnownFileType = sourcecode.c.objc; path = XPLocalViewController.m; sourceTree = "<group>"; };
		F6A23BAC18FA24E400FEF468 /* XPPhoto.h */ = {isa = PBXFileReference; fileEncoding = 4; lastKnownFileType = sourcecode.c.h; path = XPPhoto.h; sourceTree = "<group>"; };
		F6A23BAD18FA24E400FEF468 /* XPPhoto.m */ = {isa = PBXFileReference; fileEncoding = 4; lastKnownFileType = sourcecode.c.objc; path = XPPhoto.m; sourceTree = "<group>"; };
		F6A23BAF18FA25C700FEF468 /* XPPhotoBrowser.h */ = {isa = PBXFileReference; fileEncoding = 4; lastKnownFileType = sourcecode.c.h; path = XPPhotoBrowser.h; sourceTree = "<group>"; };
		F6A23BB018FA25C700FEF468 /* XPPhotoBrowser.m */ = {isa = PBXFileReference; fileEncoding = 4; lastKnownFileType = sourcecode.c.objc; path = XPPhotoBrowser.m; sourceTree = "<group>"; };
		F6A23BB518FA323C00FEF468 /* XPPhotoView.h */ = {isa = PBXFileReference; fileEncoding = 4; lastKnownFileType = sourcecode.c.h; path = XPPhotoView.h; sourceTree = "<group>"; };
		F6A23BB618FA323C00FEF468 /* XPPhotoView.m */ = {isa = PBXFileReference; fileEncoding = 4; lastKnownFileType = sourcecode.c.objc; path = XPPhotoView.m; sourceTree = "<group>"; };
		F6A65C6718F2DAB300FCE300 /* AssetsLibrary.framework */ = {isa = PBXFileReference; lastKnownFileType = wrapper.framework; name = AssetsLibrary.framework; path = System/Library/Frameworks/AssetsLibrary.framework; sourceTree = SDKROOT; };
		F6A6D6AD1907BBE5000C0965 /* UIAlertView+Category.h */ = {isa = PBXFileReference; fileEncoding = 4; lastKnownFileType = sourcecode.c.h; path = "UIAlertView+Category.h"; sourceTree = "<group>"; };
		F6A6D6AE1907BBE5000C0965 /* UIAlertView+Category.m */ = {isa = PBXFileReference; fileEncoding = 4; lastKnownFileType = sourcecode.c.objc; path = "UIAlertView+Category.m"; sourceTree = "<group>"; };
		F6A7F0F018E9ABC60084DB80 /* UILabel+Category.h */ = {isa = PBXFileReference; fileEncoding = 4; lastKnownFileType = sourcecode.c.h; path = "UILabel+Category.h"; sourceTree = "<group>"; };
		F6A7F0F118E9ABC60084DB80 /* UILabel+Category.m */ = {isa = PBXFileReference; fileEncoding = 4; lastKnownFileType = sourcecode.c.objc; path = "UILabel+Category.m"; sourceTree = "<group>"; };
		F6A8875718E1F31D00D6E033 /* XPNewsViewController.h */ = {isa = PBXFileReference; fileEncoding = 4; lastKnownFileType = sourcecode.c.h; path = XPNewsViewController.h; sourceTree = "<group>"; };
		F6A8875818E1F31D00D6E033 /* XPNewsViewController.m */ = {isa = PBXFileReference; fileEncoding = 4; lastKnownFileType = sourcecode.c.objc; path = XPNewsViewController.m; sourceTree = "<group>"; };
		F6A99601193A8A2C00EB4366 /* UIImage+Category.h */ = {isa = PBXFileReference; fileEncoding = 4; lastKnownFileType = sourcecode.c.h; path = "UIImage+Category.h"; sourceTree = "<group>"; };
		F6A99602193A8A2C00EB4366 /* UIImage+Category.m */ = {isa = PBXFileReference; fileEncoding = 4; lastKnownFileType = sourcecode.c.objc; path = "UIImage+Category.m"; sourceTree = "<group>"; };
		F6A99604193A8BC700EB4366 /* UIView+Category.h */ = {isa = PBXFileReference; fileEncoding = 4; lastKnownFileType = sourcecode.c.h; path = "UIView+Category.h"; sourceTree = "<group>"; };
		F6A99605193A8BC700EB4366 /* UIView+Category.m */ = {isa = PBXFileReference; fileEncoding = 4; lastKnownFileType = sourcecode.c.objc; path = "UIView+Category.m"; sourceTree = "<group>"; };
		F6AB8BB018D8953800710409 /* iOS-Cook-UI.app */ = {isa = PBXFileReference; explicitFileType = wrapper.application; includeInIndex = 0; path = "iOS-Cook-UI.app"; sourceTree = BUILT_PRODUCTS_DIR; };
		F6AB8BB318D8953800710409 /* Foundation.framework */ = {isa = PBXFileReference; lastKnownFileType = wrapper.framework; name = Foundation.framework; path = System/Library/Frameworks/Foundation.framework; sourceTree = SDKROOT; };
		F6AB8BB518D8953800710409 /* CoreGraphics.framework */ = {isa = PBXFileReference; lastKnownFileType = wrapper.framework; name = CoreGraphics.framework; path = System/Library/Frameworks/CoreGraphics.framework; sourceTree = SDKROOT; };
		F6AB8BB718D8953800710409 /* UIKit.framework */ = {isa = PBXFileReference; lastKnownFileType = wrapper.framework; name = UIKit.framework; path = System/Library/Frameworks/UIKit.framework; sourceTree = SDKROOT; };
		F6AB8BBB18D8953800710409 /* iOS-Cook-UI-Info.plist */ = {isa = PBXFileReference; lastKnownFileType = text.plist.xml; path = "iOS-Cook-UI-Info.plist"; sourceTree = "<group>"; };
		F6AB8BBD18D8953800710409 /* en */ = {isa = PBXFileReference; lastKnownFileType = text.plist.strings; name = en; path = en.lproj/InfoPlist.strings; sourceTree = "<group>"; };
		F6AB8BBF18D8953800710409 /* main.m */ = {isa = PBXFileReference; lastKnownFileType = sourcecode.c.objc; path = main.m; sourceTree = "<group>"; };
		F6AB8BC118D8953800710409 /* iOS-Cook-UI-Prefix.pch */ = {isa = PBXFileReference; lastKnownFileType = sourcecode.c.h; path = "iOS-Cook-UI-Prefix.pch"; sourceTree = "<group>"; };
		F6AB8BC218D8953800710409 /* XPAppDelegate.h */ = {isa = PBXFileReference; lastKnownFileType = sourcecode.c.h; path = XPAppDelegate.h; sourceTree = "<group>"; };
		F6AB8BC318D8953800710409 /* XPAppDelegate.m */ = {isa = PBXFileReference; lastKnownFileType = sourcecode.c.objc; path = XPAppDelegate.m; sourceTree = "<group>"; };
		F6AB8BC518D8953800710409 /* Images.xcassets */ = {isa = PBXFileReference; lastKnownFileType = folder.assetcatalog; path = Images.xcassets; sourceTree = "<group>"; };
		F6AB8BCB18D8953800710409 /* iOS-Cook-UITests.xctest */ = {isa = PBXFileReference; explicitFileType = wrapper.cfbundle; includeInIndex = 0; path = "iOS-Cook-UITests.xctest"; sourceTree = BUILT_PRODUCTS_DIR; };
		F6AB8BCC18D8953800710409 /* XCTest.framework */ = {isa = PBXFileReference; lastKnownFileType = wrapper.framework; name = XCTest.framework; path = Library/Frameworks/XCTest.framework; sourceTree = DEVELOPER_DIR; };
		F6AB8BD418D8953800710409 /* iOS-Cook-UITests-Info.plist */ = {isa = PBXFileReference; lastKnownFileType = text.plist.xml; path = "iOS-Cook-UITests-Info.plist"; sourceTree = "<group>"; };
		F6AB8BD618D8953800710409 /* en */ = {isa = PBXFileReference; lastKnownFileType = text.plist.strings; name = en; path = en.lproj/InfoPlist.strings; sourceTree = "<group>"; };
		F6AB8BD818D8953800710409 /* iOS_Cook_UITests.m */ = {isa = PBXFileReference; lastKnownFileType = sourcecode.c.objc; path = iOS_Cook_UITests.m; sourceTree = "<group>"; };
		F6ADC14619E7AE6800B3FBDE /* WalkThrough.storyboard */ = {isa = PBXFileReference; fileEncoding = 4; lastKnownFileType = file.storyboard; path = WalkThrough.storyboard; sourceTree = "<group>"; };
		F6ADC14819E7AE8F00B3FBDE /* XPWalkThroughContainerViewController.swift */ = {isa = PBXFileReference; fileEncoding = 4; lastKnownFileType = sourcecode.swift; path = XPWalkThroughContainerViewController.swift; sourceTree = "<group>"; };
		F6ADC14A19E7B17B00B3FBDE /* iPhoneScreen@2x.png */ = {isa = PBXFileReference; lastKnownFileType = image.png; path = "iPhoneScreen@2x.png"; sourceTree = "<group>"; };
		F6ADC14C19E7B19F00B3FBDE /* cloud3@2x.png */ = {isa = PBXFileReference; lastKnownFileType = image.png; path = "cloud3@2x.png"; sourceTree = "<group>"; };
		F6ADC14E19E7B1B000B3FBDE /* cloud1@2x.png */ = {isa = PBXFileReference; lastKnownFileType = image.png; path = "cloud1@2x.png"; sourceTree = "<group>"; };
		F6ADC15019E7B1EF00B3FBDE /* bg@2x.jpg */ = {isa = PBXFileReference; lastKnownFileType = image.jpeg; path = "bg@2x.jpg"; sourceTree = "<group>"; };
		F6ADC15219E7B20600B3FBDE /* img3@2x.png */ = {isa = PBXFileReference; lastKnownFileType = image.png; path = "img3@2x.png"; sourceTree = "<group>"; };
		F6ADC15419E7C0FA00B3FBDE /* XPWalkThroughPageViewController.swift */ = {isa = PBXFileReference; fileEncoding = 4; lastKnownFileType = sourcecode.swift; path = XPWalkThroughPageViewController.swift; sourceTree = "<group>"; };
		F6B2B2E119E8286500E3C946 /* XPCustomPageViewController.swift */ = {isa = PBXFileReference; fileEncoding = 4; lastKnownFileType = sourcecode.swift; path = XPCustomPageViewController.swift; sourceTree = "<group>"; };
		F6B3D53A196F826B00291E4B /* pullrefresh.aif */ = {isa = PBXFileReference; lastKnownFileType = file; path = pullrefresh.aif; sourceTree = "<group>"; };
		F6B969F01939F3E4001D5862 /* XPZoneHeaderView.h */ = {isa = PBXFileReference; fileEncoding = 4; lastKnownFileType = sourcecode.c.h; path = XPZoneHeaderView.h; sourceTree = "<group>"; };
		F6B969F11939F3E4001D5862 /* XPZoneHeaderView.m */ = {isa = PBXFileReference; fileEncoding = 4; lastKnownFileType = sourcecode.c.objc; path = XPZoneHeaderView.m; sourceTree = "<group>"; };
		F6B969F41939F486001D5862 /* XPSoundManager.h */ = {isa = PBXFileReference; fileEncoding = 4; lastKnownFileType = sourcecode.c.h; path = XPSoundManager.h; sourceTree = "<group>"; };
		F6B969F51939F486001D5862 /* XPSoundManager.m */ = {isa = PBXFileReference; fileEncoding = 4; lastKnownFileType = sourcecode.c.objc; path = XPSoundManager.m; sourceTree = "<group>"; };
		F6B969F71939F61E001D5862 /* AudioToolbox.framework */ = {isa = PBXFileReference; lastKnownFileType = wrapper.framework; name = AudioToolbox.framework; path = System/Library/Frameworks/AudioToolbox.framework; sourceTree = SDKROOT; };
		F6B969F91939FEFF001D5862 /* XPZoneRefreshView.h */ = {isa = PBXFileReference; fileEncoding = 4; lastKnownFileType = sourcecode.c.h; path = XPZoneRefreshView.h; sourceTree = "<group>"; };
		F6B969FA1939FEFF001D5862 /* XPZoneRefreshView.m */ = {isa = PBXFileReference; fileEncoding = 4; lastKnownFileType = sourcecode.c.objc; path = XPZoneRefreshView.m; sourceTree = "<group>"; };
		F6B969FC1939FF2E001D5862 /* XPZoneTableViewController.h */ = {isa = PBXFileReference; fileEncoding = 4; lastKnownFileType = sourcecode.c.h; path = XPZoneTableViewController.h; sourceTree = "<group>"; };
		F6B969FD1939FF2E001D5862 /* XPZoneTableViewController.m */ = {isa = PBXFileReference; fileEncoding = 4; lastKnownFileType = sourcecode.c.objc; path = XPZoneTableViewController.m; sourceTree = "<group>"; };
		F6C0738D1A037AA700EF2B0A /* XPRefreshAnimationBaseView.swift */ = {isa = PBXFileReference; fileEncoding = 4; lastKnownFileType = sourcecode.swift; path = XPRefreshAnimationBaseView.swift; sourceTree = "<group>"; };
		F6C0738E1A037AA700EF2B0A /* XPRefreshBaseView.swift */ = {isa = PBXFileReference; fileEncoding = 4; lastKnownFileType = sourcecode.swift; path = XPRefreshBaseView.swift; sourceTree = "<group>"; };
		F6C0738F1A037AA700EF2B0A /* XPRefreshCommonAnimationView.swift */ = {isa = PBXFileReference; fileEncoding = 4; lastKnownFileType = sourcecode.swift; path = XPRefreshCommonAnimationView.swift; sourceTree = "<group>"; };
		F6C073901A037AA700EF2B0A /* XPRefreshFooterView.swift */ = {isa = PBXFileReference; fileEncoding = 4; lastKnownFileType = sourcecode.swift; path = XPRefreshFooterView.swift; sourceTree = "<group>"; };
		F6C073911A037AA700EF2B0A /* XPRefreshHeaderView.swift */ = {isa = PBXFileReference; fileEncoding = 4; lastKnownFileType = sourcecode.swift; path = XPRefreshHeaderView.swift; sourceTree = "<group>"; };
		F6C073921A037AA700EF2B0A /* XPRefreshTableViewConfig.swift */ = {isa = PBXFileReference; fileEncoding = 4; lastKnownFileType = sourcecode.swift; path = XPRefreshTableViewConfig.swift; sourceTree = "<group>"; };
		F6C073931A037AA700EF2B0A /* XPRefreshTableViewController.swift */ = {isa = PBXFileReference; fileEncoding = 4; lastKnownFileType = sourcecode.swift; path = XPRefreshTableViewController.swift; sourceTree = "<group>"; };
		F6C073941A037AA700EF2B0A /* XPRefreshViewProtocol.swift */ = {isa = PBXFileReference; fileEncoding = 4; lastKnownFileType = sourcecode.swift; path = XPRefreshViewProtocol.swift; sourceTree = "<group>"; };
		F6C24264199B86B600158F08 /* MBProgressHUD.h */ = {isa = PBXFileReference; fileEncoding = 4; lastKnownFileType = sourcecode.c.h; path = MBProgressHUD.h; sourceTree = "<group>"; };
		F6C24265199B86B600158F08 /* MBProgressHUD.m */ = {isa = PBXFileReference; fileEncoding = 4; lastKnownFileType = sourcecode.c.objc; path = MBProgressHUD.m; sourceTree = "<group>"; };
		F6C3E42E19E6F5D000B9632B /* PhotosUI.framework */ = {isa = PBXFileReference; lastKnownFileType = wrapper.framework; name = PhotosUI.framework; path = System/Library/Frameworks/PhotosUI.framework; sourceTree = SDKROOT; };
		F6C3E43019E6F5D000B9632B /* Photos.framework */ = {isa = PBXFileReference; lastKnownFileType = wrapper.framework; name = Photos.framework; path = System/Library/Frameworks/Photos.framework; sourceTree = SDKROOT; };
		F6C3E45A19E6F5F300B9632B /* NotificationCenter.framework */ = {isa = PBXFileReference; lastKnownFileType = wrapper.framework; name = NotificationCenter.framework; path = System/Library/Frameworks/NotificationCenter.framework; sourceTree = SDKROOT; };
		F6C8F5441A00CF91005D01AE /* XPUITableViewController.swift */ = {isa = PBXFileReference; fileEncoding = 4; lastKnownFileType = sourcecode.swift; path = XPUITableViewController.swift; sourceTree = "<group>"; };
		F6C8F5461A00DA55005D01AE /* XPMainStoryboard.storyboard */ = {isa = PBXFileReference; fileEncoding = 4; lastKnownFileType = file.storyboard; path = XPMainStoryboard.storyboard; sourceTree = "<group>"; };
		F6DBB97C19E6DF4000062F56 /* XPWalkThroughViewController.swift */ = {isa = PBXFileReference; fileEncoding = 4; lastKnownFileType = sourcecode.swift; path = XPWalkThroughViewController.swift; sourceTree = "<group>"; };
		F6DDD22718F9ADA10083D3B2 /* XPPhotoBrowseViewController.h */ = {isa = PBXFileReference; fileEncoding = 4; lastKnownFileType = sourcecode.c.h; path = XPPhotoBrowseViewController.h; sourceTree = "<group>"; };
		F6DDD22818F9ADA10083D3B2 /* XPPhotoBrowseViewController.m */ = {isa = PBXFileReference; fileEncoding = 4; lastKnownFileType = sourcecode.c.objc; path = XPPhotoBrowseViewController.m; sourceTree = "<group>"; };
		F6EBBEAE18DFF6BD001C252C /* UIColor+Category.h */ = {isa = PBXFileReference; fileEncoding = 4; lastKnownFileType = sourcecode.c.h; path = "UIColor+Category.h"; sourceTree = "<group>"; };
		F6EBBEAF18DFF6BD001C252C /* UIColor+Category.m */ = {isa = PBXFileReference; fileEncoding = 4; lastKnownFileType = sourcecode.c.objc; path = "UIColor+Category.m"; sourceTree = "<group>"; };
		F6EBBEB118DFF6EF001C252C /* XPCategory.h */ = {isa = PBXFileReference; fileEncoding = 4; lastKnownFileType = sourcecode.c.h; path = XPCategory.h; sourceTree = "<group>"; };
		F6FEEECE1903DA2500FD9440 /* XPPhotoLoadingView.h */ = {isa = PBXFileReference; fileEncoding = 4; lastKnownFileType = sourcecode.c.h; path = XPPhotoLoadingView.h; sourceTree = "<group>"; };
		F6FEEECF1903DA2500FD9440 /* XPPhotoLoadingView.m */ = {isa = PBXFileReference; fileEncoding = 4; lastKnownFileType = sourcecode.c.objc; path = XPPhotoLoadingView.m; sourceTree = "<group>"; };
		F6FEEED11903DB4300FD9440 /* XPProgressView.h */ = {isa = PBXFileReference; fileEncoding = 4; lastKnownFileType = sourcecode.c.h; path = XPProgressView.h; sourceTree = "<group>"; };
		F6FEEED21903DB4300FD9440 /* XPProgressView.m */ = {isa = PBXFileReference; fileEncoding = 4; lastKnownFileType = sourcecode.c.objc; path = XPProgressView.m; sourceTree = "<group>"; };
/* End PBXFileReference section */

/* Begin PBXFrameworksBuildPhase section */
		F6AB8BAD18D8953800710409 /* Frameworks */ = {
			isa = PBXFrameworksBuildPhase;
			buildActionMask = 2147483647;
			files = (
				F6B969F81939F61E001D5862 /* AudioToolbox.framework in Frameworks */,
				F6A65C6818F2DAB300FCE300 /* AssetsLibrary.framework in Frameworks */,
				F62573811A090E30006BADE2 /* CoreGraphics.framework in Frameworks */,
				F6AB8BB818D8953800710409 /* UIKit.framework in Frameworks */,
				F6AB8BB418D8953800710409 /* Foundation.framework in Frameworks */,
			);
			runOnlyForDeploymentPostprocessing = 0;
		};
		F6AB8BC818D8953800710409 /* Frameworks */ = {
			isa = PBXFrameworksBuildPhase;
			buildActionMask = 2147483647;
			files = (
				F6AB8BCD18D8953800710409 /* XCTest.framework in Frameworks */,
				F6AB8BCF18D8953800710409 /* UIKit.framework in Frameworks */,
				F6AB8BCE18D8953800710409 /* Foundation.framework in Frameworks */,
			);
			runOnlyForDeploymentPostprocessing = 0;
		};
/* End PBXFrameworksBuildPhase section */

/* Begin PBXGroup section */
		F6229B0B19DB89D700C3D986 /* SDWebImage */ = {
			isa = PBXGroup;
			children = (
				F6229B0C19DB89D700C3D986 /* MKAnnotationView+WebCache.h */,
				F6229B0D19DB89D700C3D986 /* MKAnnotationView+WebCache.m */,
				F6229B0E19DB89D700C3D986 /* NSData+ImageContentType.h */,
				F6229B0F19DB89D700C3D986 /* NSData+ImageContentType.m */,
				F6229B1019DB89D700C3D986 /* SDImageCache.h */,
				F6229B1119DB89D700C3D986 /* SDImageCache.m */,
				F6229B1219DB89D700C3D986 /* SDWebImageCompat.h */,
				F6229B1319DB89D700C3D986 /* SDWebImageCompat.m */,
				F6229B1419DB89D700C3D986 /* SDWebImageDecoder.h */,
				F6229B1519DB89D700C3D986 /* SDWebImageDecoder.m */,
				F6229B1619DB89D700C3D986 /* SDWebImageDownloader.h */,
				F6229B1719DB89D700C3D986 /* SDWebImageDownloader.m */,
				F6229B1819DB89D700C3D986 /* SDWebImageDownloaderOperation.h */,
				F6229B1919DB89D700C3D986 /* SDWebImageDownloaderOperation.m */,
				F6229B1A19DB89D700C3D986 /* SDWebImageManager.h */,
				F6229B1B19DB89D700C3D986 /* SDWebImageManager.m */,
				F6229B1C19DB89D700C3D986 /* SDWebImageOperation.h */,
				F6229B1D19DB89D700C3D986 /* SDWebImagePrefetcher.h */,
				F6229B1E19DB89D700C3D986 /* SDWebImagePrefetcher.m */,
				F6229B1F19DB89D700C3D986 /* UIButton+WebCache.h */,
				F6229B2019DB89D700C3D986 /* UIButton+WebCache.m */,
				F6229B2119DB89D700C3D986 /* UIImage+GIF.h */,
				F6229B2219DB89D700C3D986 /* UIImage+GIF.m */,
				F6229B2319DB89D700C3D986 /* UIImage+MultiFormat.h */,
				F6229B2419DB89D700C3D986 /* UIImage+MultiFormat.m */,
				F6229B2519DB89D700C3D986 /* UIImage+WebP.h */,
				F6229B2619DB89D700C3D986 /* UIImage+WebP.m */,
				F6229B2719DB89D700C3D986 /* UIImageView+HighlightedWebCache.h */,
				F6229B2819DB89D700C3D986 /* UIImageView+HighlightedWebCache.m */,
				F6229B2919DB89D700C3D986 /* UIImageView+WebCache.h */,
				F6229B2A19DB89D700C3D986 /* UIImageView+WebCache.m */,
				F6229B2B19DB89D700C3D986 /* UIView+WebCacheOperation.h */,
				F6229B2C19DB89D700C3D986 /* UIView+WebCacheOperation.m */,
			);
			path = SDWebImage;
			sourceTree = "<group>";
		};
		F625495F1A230A4200DFAD6E /* ViewTransition */ = {
			isa = PBXGroup;
			children = (
				F62549601A230A8B00DFAD6E /* XPViewTransitionController.swift */,
				F62549621A23288500DFAD6E /* XPTransitionSettingViewController.swift */,
				F68C556F1A24227E007E1397 /* XPReversibleAnimationController.swift */,
				F68C55711A2422B9007E1397 /* XPBaseInteractionController.swift */,
				F68C55731A242995007E1397 /* XPTransitionPreference.swift */,
			);
			path = ViewTransition;
			sourceTree = "<group>";
		};
		F64EED2C18EDA40D0003A874 /* ImageBrowse */ = {
			isa = PBXGroup;
			children = (
				F6DDD22718F9ADA10083D3B2 /* XPPhotoBrowseViewController.h */,
				F6DDD22818F9ADA10083D3B2 /* XPPhotoBrowseViewController.m */,
				F6A23BAC18FA24E400FEF468 /* XPPhoto.h */,
				F6A23BAD18FA24E400FEF468 /* XPPhoto.m */,
				F6A23BAF18FA25C700FEF468 /* XPPhotoBrowser.h */,
				F6A23BB018FA25C700FEF468 /* XPPhotoBrowser.m */,
				F6A23BB518FA323C00FEF468 /* XPPhotoView.h */,
				F6A23BB618FA323C00FEF468 /* XPPhotoView.m */,
				F6FEEECE1903DA2500FD9440 /* XPPhotoLoadingView.h */,
				F6FEEECF1903DA2500FD9440 /* XPPhotoLoadingView.m */,
				F6FEEED11903DB4300FD9440 /* XPProgressView.h */,
				F6FEEED21903DB4300FD9440 /* XPProgressView.m */,
			);
			path = ImageBrowse;
			sourceTree = "<group>";
		};
		F64EED2D18EDA5A00003A874 /* Finished */ = {
			isa = PBXGroup;
			children = (
				F625495F1A230A4200DFAD6E /* ViewTransition */,
				F6C0738C1A037AA700EF2B0A /* TableRefresh */,
				F6C0982919FA374500A6664A /* Extension */,
				F6DBB97919E6D6F500062F56 /* WalkThrough */,
				F6B969EF1939F32E001D5862 /* ZoneRefresh */,
				F6B969F31939F467001D5862 /* Manager */,
				F64EED2C18EDA40D0003A874 /* ImageBrowse */,
				F6EBBEAD18DFF6A2001C252C /* Category */,
				F66C92B518E1A5F40070341F /* BlurSlideBar */,
				F66C92BC18E1A5FA0070341F /* DrawerViewController */,
				F6570E9A18EA8A8D0060B6D0 /* AnimateTab */,
			);
			name = Finished;
			sourceTree = "<group>";
		};
		F64FEF1118E863F60012FF82 /* ImportedLibrary */ = {
			isa = PBXGroup;
			children = (
				F6229B0B19DB89D700C3D986 /* SDWebImage */,
				F6C24263199B86B600158F08 /* MBProgressHUD */,
			);
			path = ImportedLibrary;
			sourceTree = "<group>";
		};
		F6570E9A18EA8A8D0060B6D0 /* AnimateTab */ = {
			isa = PBXGroup;
			children = (
				F6570E9B18EA8BFA0060B6D0 /* XPAnimateTabViewController.h */,
				F6570E9C18EA8BFA0060B6D0 /* XPAnimateTabViewController.m */,
				F6570E9E18EA8ED30060B6D0 /* XPTabScrollView.h */,
				F6570E9F18EA8ED30060B6D0 /* XPTabScrollView.m */,
				F6570EA118EA8F070060B6D0 /* XPContentScrollView.h */,
				F6570EA218EA8F070060B6D0 /* XPContentScrollView.m */,
			);
			path = AnimateTab;
			sourceTree = "<group>";
		};
		F66C92B518E1A5F40070341F /* BlurSlideBar */ = {
			isa = PBXGroup;
			children = (
				F66C92B618E1A5F40070341F /* XPBlurSlideBarController.h */,
				F66C92B718E1A5F40070341F /* XPBlurSlideBarController.m */,
				F66C92B818E1A5F40070341F /* XPBlurSlideBarViewController.h */,
				F66C92B918E1A5F40070341F /* XPBlurSlideBarViewController.m */,
			);
			path = BlurSlideBar;
			sourceTree = "<group>";
		};
		F66C92BC18E1A5FA0070341F /* DrawerViewController */ = {
			isa = PBXGroup;
			children = (
				F66C92BD18E1A6DB0070341F /* XPDrawerViewController.h */,
				F66C92BE18E1A6DB0070341F /* XPDrawerViewController.m */,
				F66C92C018E1B27D0070341F /* XPLeftDrawerViewController.h */,
				F66C92C118E1B27D0070341F /* XPLeftDrawerViewController.m */,
				F66C92C318E1B28E0070341F /* XPRightDrawerViewController.h */,
				F66C92C418E1B28E0070341F /* XPRightDrawerViewController.m */,
				F66C92C618E1B7050070341F /* XPDrawerModel.h */,
				F66C92C718E1B7050070341F /* XPDrawerModel.m */,
				F6A8875718E1F31D00D6E033 /* XPNewsViewController.h */,
				F6A8875818E1F31D00D6E033 /* XPNewsViewController.m */,
				F69F1ED918E2CD2C00B4F208 /* XPDrawerButton.h */,
				F69F1EDA18E2CD2C00B4F208 /* XPDrawerButton.m */,
				F69F1EDC18E2DBB400B4F208 /* XPTopicViewController.h */,
				F69F1EDD18E2DBB400B4F208 /* XPTopicViewController.m */,
				F69F1EDF18E2DBD500B4F208 /* XPCommentViewController.h */,
				F69F1EE018E2DBD500B4F208 /* XPCommentViewController.m */,
				F69F1EE218E2DBF100B4F208 /* XPImageViewController.h */,
				F69F1EE318E2DBF100B4F208 /* XPImageViewController.m */,
				F69F1EE518E2DC0F00B4F208 /* XPSubscriptionViewController.h */,
				F69F1EE618E2DC0F00B4F208 /* XPSubscriptionViewController.m */,
				F69F1EE818E2DC3C00B4F208 /* XPLocalViewController.h */,
				F69F1EE918E2DC3C00B4F208 /* XPLocalViewController.m */,
			);
			path = DrawerViewController;
			sourceTree = "<group>";
		};
		F6AB8BA718D8953800710409 = {
			isa = PBXGroup;
			children = (
				F6AB8BB918D8953800710409 /* iOS-Cook-UI */,
				F6AB8BD218D8953800710409 /* iOS-Cook-UITests */,
				F6AB8BB218D8953800710409 /* Frameworks */,
				F6AB8BB118D8953800710409 /* Products */,
			);
			sourceTree = "<group>";
		};
		F6AB8BB118D8953800710409 /* Products */ = {
			isa = PBXGroup;
			children = (
				F6AB8BB018D8953800710409 /* iOS-Cook-UI.app */,
				F6AB8BCB18D8953800710409 /* iOS-Cook-UITests.xctest */,
			);
			name = Products;
			sourceTree = "<group>";
		};
		F6AB8BB218D8953800710409 /* Frameworks */ = {
			isa = PBXGroup;
			children = (
				F685B4E81A090EC7003C30E2 /* CarrierBundleUtilities.dylib */,
				F6B969F71939F61E001D5862 /* AudioToolbox.framework */,
				F6A65C6718F2DAB300FCE300 /* AssetsLibrary.framework */,
				F6AB8BB318D8953800710409 /* Foundation.framework */,
				F6AB8BB518D8953800710409 /* CoreGraphics.framework */,
				F6AB8BB718D8953800710409 /* UIKit.framework */,
				F6AB8BCC18D8953800710409 /* XCTest.framework */,
				F6C3E42E19E6F5D000B9632B /* PhotosUI.framework */,
				F6C3E43019E6F5D000B9632B /* Photos.framework */,
				F6C3E45A19E6F5F300B9632B /* NotificationCenter.framework */,
			);
			name = Frameworks;
			sourceTree = "<group>";
		};
		F6AB8BB918D8953800710409 /* iOS-Cook-UI */ = {
			isa = PBXGroup;
			children = (
				F6C8F5461A00DA55005D01AE /* XPMainStoryboard.storyboard */,
				F64EED2D18EDA5A00003A874 /* Finished */,
				F64FEF1118E863F60012FF82 /* ImportedLibrary */,
				F6AB8BC218D8953800710409 /* XPAppDelegate.h */,
				F6AB8BC318D8953800710409 /* XPAppDelegate.m */,
				F6AB8BC518D8953800710409 /* Images.xcassets */,
				F6AB8BBA18D8953800710409 /* Supporting Files */,
				F6C8F5441A00CF91005D01AE /* XPUITableViewController.swift */,
			);
			path = "iOS-Cook-UI";
			sourceTree = "<group>";
		};
		F6AB8BBA18D8953800710409 /* Supporting Files */ = {
			isa = PBXGroup;
			children = (
				F6AB8BBB18D8953800710409 /* iOS-Cook-UI-Info.plist */,
				F6AB8BBC18D8953800710409 /* InfoPlist.strings */,
				F6AB8BBF18D8953800710409 /* main.m */,
				F6AB8BC118D8953800710409 /* iOS-Cook-UI-Prefix.pch */,
				F607F53C18D898C00062E811 /* UIList.plist */,
			);
			name = "Supporting Files";
			sourceTree = "<group>";
		};
		F6AB8BD218D8953800710409 /* iOS-Cook-UITests */ = {
			isa = PBXGroup;
			children = (
				F6AB8BD818D8953800710409 /* iOS_Cook_UITests.m */,
				F6AB8BD318D8953800710409 /* Supporting Files */,
			);
			path = "iOS-Cook-UITests";
			sourceTree = "<group>";
		};
		F6AB8BD318D8953800710409 /* Supporting Files */ = {
			isa = PBXGroup;
			children = (
				F6AB8BD418D8953800710409 /* iOS-Cook-UITests-Info.plist */,
				F6AB8BD518D8953800710409 /* InfoPlist.strings */,
			);
			name = "Supporting Files";
			sourceTree = "<group>";
		};
		F6B969EF1939F32E001D5862 /* ZoneRefresh */ = {
			isa = PBXGroup;
			children = (
				F6B3D53A196F826B00291E4B /* pullrefresh.aif */,
				F6B969F01939F3E4001D5862 /* XPZoneHeaderView.h */,
				F6B969F11939F3E4001D5862 /* XPZoneHeaderView.m */,
				F6B969F91939FEFF001D5862 /* XPZoneRefreshView.h */,
				F6B969FA1939FEFF001D5862 /* XPZoneRefreshView.m */,
				F6B969FC1939FF2E001D5862 /* XPZoneTableViewController.h */,
				F6B969FD1939FF2E001D5862 /* XPZoneTableViewController.m */,
			);
			path = ZoneRefresh;
			sourceTree = "<group>";
		};
		F6B969F31939F467001D5862 /* Manager */ = {
			isa = PBXGroup;
			children = (
				F6B969F41939F486001D5862 /* XPSoundManager.h */,
				F6B969F51939F486001D5862 /* XPSoundManager.m */,
			);
			path = Manager;
			sourceTree = "<group>";
		};
		F6C0738C1A037AA700EF2B0A /* TableRefresh */ = {
			isa = PBXGroup;
			children = (
				F6C0738D1A037AA700EF2B0A /* XPRefreshAnimationBaseView.swift */,
				F6C0738E1A037AA700EF2B0A /* XPRefreshBaseView.swift */,
				F6C0738F1A037AA700EF2B0A /* XPRefreshCommonAnimationView.swift */,
				F6C073901A037AA700EF2B0A /* XPRefreshFooterView.swift */,
				F6C073911A037AA700EF2B0A /* XPRefreshHeaderView.swift */,
				F6C073921A037AA700EF2B0A /* XPRefreshTableViewConfig.swift */,
				F6C073931A037AA700EF2B0A /* XPRefreshTableViewController.swift */,
				F6C073941A037AA700EF2B0A /* XPRefreshViewProtocol.swift */,
			);
			path = TableRefresh;
			sourceTree = "<group>";
		};
		F6C0982919FA374500A6664A /* Extension */ = {
			isa = PBXGroup;
			children = (
			);
			path = Extension;
			sourceTree = "<group>";
		};
		F6C24263199B86B600158F08 /* MBProgressHUD */ = {
			isa = PBXGroup;
			children = (
				F6C24264199B86B600158F08 /* MBProgressHUD.h */,
				F6C24265199B86B600158F08 /* MBProgressHUD.m */,
			);
			path = MBProgressHUD;
			sourceTree = "<group>";
		};
		F6DBB97919E6D6F500062F56 /* WalkThrough */ = {
			isa = PBXGroup;
			children = (
				F6ADC15219E7B20600B3FBDE /* img3@2x.png */,
				F6ADC15019E7B1EF00B3FBDE /* bg@2x.jpg */,
				F6ADC14E19E7B1B000B3FBDE /* cloud1@2x.png */,
				F6ADC14C19E7B19F00B3FBDE /* cloud3@2x.png */,
				F6ADC14A19E7B17B00B3FBDE /* iPhoneScreen@2x.png */,
				F6DBB97C19E6DF4000062F56 /* XPWalkThroughViewController.swift */,
				F6ADC14619E7AE6800B3FBDE /* WalkThrough.storyboard */,
				F6ADC14819E7AE8F00B3FBDE /* XPWalkThroughContainerViewController.swift */,
				F6ADC15419E7C0FA00B3FBDE /* XPWalkThroughPageViewController.swift */,
				F6B2B2E119E8286500E3C946 /* XPCustomPageViewController.swift */,
			);
			path = WalkThrough;
			sourceTree = "<group>";
		};
		F6EBBEAD18DFF6A2001C252C /* Category */ = {
			isa = PBXGroup;
			children = (
				F6EBBEAE18DFF6BD001C252C /* UIColor+Category.h */,
				F6EBBEAF18DFF6BD001C252C /* UIColor+Category.m */,
				F6EBBEB118DFF6EF001C252C /* XPCategory.h */,
				F6A7F0F018E9ABC60084DB80 /* UILabel+Category.h */,
				F6A7F0F118E9ABC60084DB80 /* UILabel+Category.m */,
				F6A6D6AD1907BBE5000C0965 /* UIAlertView+Category.h */,
				F6A6D6AE1907BBE5000C0965 /* UIAlertView+Category.m */,
				F6A99601193A8A2C00EB4366 /* UIImage+Category.h */,
				F6A99602193A8A2C00EB4366 /* UIImage+Category.m */,
				F6A99604193A8BC700EB4366 /* UIView+Category.h */,
				F6A99605193A8BC700EB4366 /* UIView+Category.m */,
			);
			path = Category;
			sourceTree = "<group>";
		};
/* End PBXGroup section */

/* Begin PBXNativeTarget section */
		F6AB8BAF18D8953800710409 /* iOS-Cook-UI */ = {
			isa = PBXNativeTarget;
			buildConfigurationList = F6AB8BDC18D8953800710409 /* Build configuration list for PBXNativeTarget "iOS-Cook-UI" */;
			buildPhases = (
				F6AB8BAC18D8953800710409 /* Sources */,
				F6AB8BAD18D8953800710409 /* Frameworks */,
				F6AB8BAE18D8953800710409 /* Resources */,
				F6C3E3EE19E6F57B00B9632B /* Embed App Extensions */,
			);
			buildRules = (
			);
			dependencies = (
			);
			name = "iOS-Cook-UI";
			productName = "iOS-Cook-UI";
			productReference = F6AB8BB018D8953800710409 /* iOS-Cook-UI.app */;
			productType = "com.apple.product-type.application";
		};
		F6AB8BCA18D8953800710409 /* iOS-Cook-UITests */ = {
			isa = PBXNativeTarget;
			buildConfigurationList = F6AB8BDF18D8953800710409 /* Build configuration list for PBXNativeTarget "iOS-Cook-UITests" */;
			buildPhases = (
				F6AB8BC718D8953800710409 /* Sources */,
				F6AB8BC818D8953800710409 /* Frameworks */,
				F6AB8BC918D8953800710409 /* Resources */,
			);
			buildRules = (
			);
			dependencies = (
				F6AB8BD118D8953800710409 /* PBXTargetDependency */,
			);
			name = "iOS-Cook-UITests";
			productName = "iOS-Cook-UITests";
			productReference = F6AB8BCB18D8953800710409 /* iOS-Cook-UITests.xctest */;
			productType = "com.apple.product-type.bundle.unit-test";
		};
/* End PBXNativeTarget section */

/* Begin PBXProject section */
		F6AB8BA818D8953800710409 /* Project object */ = {
			isa = PBXProject;
			attributes = {
				CLASSPREFIX = XP;
				LastUpgradeCheck = 0510;
				ORGANIZATIONNAME = newland;
				TargetAttributes = {
					F6AB8BCA18D8953800710409 = {
						TestTargetID = F6AB8BAF18D8953800710409;
					};
				};
			};
			buildConfigurationList = F6AB8BAB18D8953800710409 /* Build configuration list for PBXProject "iOS-Cook-UI" */;
			compatibilityVersion = "Xcode 3.2";
			developmentRegion = English;
			hasScannedForEncodings = 0;
			knownRegions = (
				en,
				"zh-Hans",
			);
			mainGroup = F6AB8BA718D8953800710409;
			productRefGroup = F6AB8BB118D8953800710409 /* Products */;
			projectDirPath = "";
			projectRoot = "";
			targets = (
				F6AB8BAF18D8953800710409 /* iOS-Cook-UI */,
				F6AB8BCA18D8953800710409 /* iOS-Cook-UITests */,
			);
		};
/* End PBXProject section */

/* Begin PBXResourcesBuildPhase section */
		F6AB8BAE18D8953800710409 /* Resources */ = {
			isa = PBXResourcesBuildPhase;
			buildActionMask = 2147483647;
			files = (
				F6B3D53B196F826B00291E4B /* pullrefresh.aif in Resources */,
				F607F53D18D898C00062E811 /* UIList.plist in Resources */,
				F6AB8BBE18D8953800710409 /* InfoPlist.strings in Resources */,
				F6ADC14D19E7B19F00B3FBDE /* cloud3@2x.png in Resources */,
				F6AB8BC618D8953800710409 /* Images.xcassets in Resources */,
				F6ADC14B19E7B17B00B3FBDE /* iPhoneScreen@2x.png in Resources */,
				F6C8F5471A00DA55005D01AE /* XPMainStoryboard.storyboard in Resources */,
				F6ADC14F19E7B1B000B3FBDE /* cloud1@2x.png in Resources */,
				F6ADC15319E7B20600B3FBDE /* img3@2x.png in Resources */,
				F6ADC15119E7B1EF00B3FBDE /* bg@2x.jpg in Resources */,
				F6ADC14719E7AE6800B3FBDE /* WalkThrough.storyboard in Resources */,
			);
			runOnlyForDeploymentPostprocessing = 0;
		};
		F6AB8BC918D8953800710409 /* Resources */ = {
			isa = PBXResourcesBuildPhase;
			buildActionMask = 2147483647;
			files = (
				F6AB8BD718D8953800710409 /* InfoPlist.strings in Resources */,
			);
			runOnlyForDeploymentPostprocessing = 0;
		};
/* End PBXResourcesBuildPhase section */

/* Begin PBXSourcesBuildPhase section */
		F6AB8BAC18D8953800710409 /* Sources */ = {
			isa = PBXSourcesBuildPhase;
			buildActionMask = 2147483647;
			files = (
				F69F1EE118E2DBD500B4F208 /* XPCommentViewController.m in Sources */,
				F6229B3A19DB89D700C3D986 /* UIImageView+HighlightedWebCache.m in Sources */,
				F6FEEED01903DA2500FD9440 /* XPPhotoLoadingView.m in Sources */,
				F68C55701A24227E007E1397 /* XPReversibleAnimationController.swift in Sources */,
				F6229B3C19DB89D700C3D986 /* UIView+WebCacheOperation.m in Sources */,
				F6229B3319DB89D700C3D986 /* SDWebImageDownloaderOperation.m in Sources */,
				F69F1EDB18E2CD2C00B4F208 /* XPDrawerButton.m in Sources */,
				F6C073971A037AA700EF2B0A /* XPRefreshCommonAnimationView.swift in Sources */,
				F6C073981A037AA700EF2B0A /* XPRefreshFooterView.swift in Sources */,
				F6B969F21939F3E4001D5862 /* XPZoneHeaderView.m in Sources */,
				F6A23BB118FA25C700FEF468 /* XPPhotoBrowser.m in Sources */,
				F6AB8BC418D8953800710409 /* XPAppDelegate.m in Sources */,
				F6C073961A037AA700EF2B0A /* XPRefreshBaseView.swift in Sources */,
				F6FEEED31903DB4300FD9440 /* XPProgressView.m in Sources */,
				F6A99606193A8BC700EB4366 /* UIView+Category.m in Sources */,
				F69F1EDE18E2DBB400B4F208 /* XPTopicViewController.m in Sources */,
				F6DDD22918F9ADA10083D3B2 /* XPPhotoBrowseViewController.m in Sources */,
				F6229B2D19DB89D700C3D986 /* MKAnnotationView+WebCache.m in Sources */,
				F6570EA018EA8ED30060B6D0 /* XPTabScrollView.m in Sources */,
				F6ADC14919E7AE8F00B3FBDE /* XPWalkThroughContainerViewController.swift in Sources */,
				F6B969F61939F486001D5862 /* XPSoundManager.m in Sources */,
				F66C92BF18E1A6DB0070341F /* XPDrawerViewController.m in Sources */,
				F69F1EEA18E2DC3C00B4F208 /* XPLocalViewController.m in Sources */,
				F6C8F5451A00CF91005D01AE /* XPUITableViewController.swift in Sources */,
				F6229B3419DB89D700C3D986 /* SDWebImageManager.m in Sources */,
				F6A99603193A8A2C00EB4366 /* UIImage+Category.m in Sources */,
				F6229B3819DB89D700C3D986 /* UIImage+MultiFormat.m in Sources */,
				F62549611A230A8B00DFAD6E /* XPViewTransitionController.swift in Sources */,
				F6229B3519DB89D700C3D986 /* SDWebImagePrefetcher.m in Sources */,
				F6229B3B19DB89D700C3D986 /* UIImageView+WebCache.m in Sources */,
				F6A6D6AF1907BBE5000C0965 /* UIAlertView+Category.m in Sources */,
				F69F1EE718E2DC0F00B4F208 /* XPSubscriptionViewController.m in Sources */,
				F66C92BB18E1A5F40070341F /* XPBlurSlideBarViewController.m in Sources */,
				F6C0739B1A037AA700EF2B0A /* XPRefreshTableViewController.swift in Sources */,
				F6AB8BC018D8953800710409 /* main.m in Sources */,
				F6229B3119DB89D700C3D986 /* SDWebImageDecoder.m in Sources */,
				F6A23BAE18FA24E400FEF468 /* XPPhoto.m in Sources */,
				F6B969FB1939FEFF001D5862 /* XPZoneRefreshView.m in Sources */,
				F6A7F0F218E9ABC60084DB80 /* UILabel+Category.m in Sources */,
				F6229B3019DB89D700C3D986 /* SDWebImageCompat.m in Sources */,
				F6B969FE1939FF2E001D5862 /* XPZoneTableViewController.m in Sources */,
				F6229B3619DB89D700C3D986 /* UIButton+WebCache.m in Sources */,
				F66C92C818E1B7050070341F /* XPDrawerModel.m in Sources */,
				F6B2B2E219E8286500E3C946 /* XPCustomPageViewController.swift in Sources */,
				F6229B3219DB89D700C3D986 /* SDWebImageDownloader.m in Sources */,
				F68C55741A242995007E1397 /* XPTransitionPreference.swift in Sources */,
				F6229B3919DB89D700C3D986 /* UIImage+WebP.m in Sources */,
				F6C073991A037AA700EF2B0A /* XPRefreshHeaderView.swift in Sources */,
				F6C073951A037AA700EF2B0A /* XPRefreshAnimationBaseView.swift in Sources */,
				F6ADC15519E7C0FA00B3FBDE /* XPWalkThroughPageViewController.swift in Sources */,
				F6DBB97D19E6DF4000062F56 /* XPWalkThroughViewController.swift in Sources */,
				F6229B2F19DB89D700C3D986 /* SDImageCache.m in Sources */,
				F6C0739A1A037AA700EF2B0A /* XPRefreshTableViewConfig.swift in Sources */,
				F6EBBEB018DFF6BD001C252C /* UIColor+Category.m in Sources */,
				F6C0739C1A037AA700EF2B0A /* XPRefreshViewProtocol.swift in Sources */,
				F6229B2E19DB89D700C3D986 /* NSData+ImageContentType.m in Sources */,
				F6A8875918E1F31D00D6E033 /* XPNewsViewController.m in Sources */,
				F6229B3719DB89D700C3D986 /* UIImage+GIF.m in Sources */,
				F69F1EE418E2DBF100B4F208 /* XPImageViewController.m in Sources */,
				F6570E9D18EA8BFA0060B6D0 /* XPAnimateTabViewController.m in Sources */,
				F66C92C218E1B27D0070341F /* XPLeftDrawerViewController.m in Sources */,
				F68C55721A2422B9007E1397 /* XPBaseInteractionController.swift in Sources */,
				F62549631A23288500DFAD6E /* XPTransitionSettingViewController.swift in Sources */,
				F6A23BB718FA323C00FEF468 /* XPPhotoView.m in Sources */,
				F6570EA318EA8F070060B6D0 /* XPContentScrollView.m in Sources */,
				F6C24266199B86B600158F08 /* MBProgressHUD.m in Sources */,
				F66C92C518E1B28E0070341F /* XPRightDrawerViewController.m in Sources */,
				F66C92BA18E1A5F40070341F /* XPBlurSlideBarController.m in Sources */,
			);
			runOnlyForDeploymentPostprocessing = 0;
		};
		F6AB8BC718D8953800710409 /* Sources */ = {
			isa = PBXSourcesBuildPhase;
			buildActionMask = 2147483647;
			files = (
				F6AB8BD918D8953800710409 /* iOS_Cook_UITests.m in Sources */,
			);
			runOnlyForDeploymentPostprocessing = 0;
		};
/* End PBXSourcesBuildPhase section */

/* Begin PBXTargetDependency section */
		F6AB8BD118D8953800710409 /* PBXTargetDependency */ = {
			isa = PBXTargetDependency;
			target = F6AB8BAF18D8953800710409 /* iOS-Cook-UI */;
			targetProxy = F6AB8BD018D8953800710409 /* PBXContainerItemProxy */;
		};
/* End PBXTargetDependency section */

/* Begin PBXVariantGroup section */
		F6AB8BBC18D8953800710409 /* InfoPlist.strings */ = {
			isa = PBXVariantGroup;
			children = (
				F6AB8BBD18D8953800710409 /* en */,
			);
			name = InfoPlist.strings;
			sourceTree = "<group>";
		};
		F6AB8BD518D8953800710409 /* InfoPlist.strings */ = {
			isa = PBXVariantGroup;
			children = (
				F6AB8BD618D8953800710409 /* en */,
			);
			name = InfoPlist.strings;
			sourceTree = "<group>";
		};
/* End PBXVariantGroup section */

/* Begin XCBuildConfiguration section */
		F6AB8BDA18D8953800710409 /* Debug */ = {
			isa = XCBuildConfiguration;
			buildSettings = {
				ALWAYS_SEARCH_USER_PATHS = NO;
				CLANG_CXX_LANGUAGE_STANDARD = "gnu++0x";
				CLANG_CXX_LIBRARY = "libc++";
				CLANG_ENABLE_MODULES = YES;
				CLANG_ENABLE_OBJC_ARC = YES;
				CLANG_WARN_BOOL_CONVERSION = YES;
				CLANG_WARN_CONSTANT_CONVERSION = YES;
				CLANG_WARN_DIRECT_OBJC_ISA_USAGE = YES_ERROR;
				CLANG_WARN_EMPTY_BODY = YES;
				CLANG_WARN_ENUM_CONVERSION = YES;
				CLANG_WARN_INT_CONVERSION = YES;
				CLANG_WARN_OBJC_ROOT_CLASS = YES_ERROR;
				CLANG_WARN__DUPLICATE_METHOD_MATCH = YES;
				CODE_SIGN_IDENTITY = "iPhone Developer: Li ZuChao (GKXNBCPMPE)";
				"CODE_SIGN_IDENTITY[sdk=iphoneos*]" = "iPhone Developer";
				COPY_PHASE_STRIP = NO;
				GCC_C_LANGUAGE_STANDARD = gnu99;
				GCC_DYNAMIC_NO_PIC = NO;
				GCC_OPTIMIZATION_LEVEL = 0;
				GCC_PREPROCESSOR_DEFINITIONS = (
					"DEBUG=1",
					"$(inherited)",
				);
				GCC_SYMBOLS_PRIVATE_EXTERN = NO;
				GCC_WARN_64_TO_32_BIT_CONVERSION = YES;
				GCC_WARN_ABOUT_RETURN_TYPE = YES_ERROR;
				GCC_WARN_UNDECLARED_SELECTOR = YES;
				GCC_WARN_UNINITIALIZED_AUTOS = YES_AGGRESSIVE;
				GCC_WARN_UNUSED_FUNCTION = YES;
				GCC_WARN_UNUSED_VARIABLE = YES;
				IPHONEOS_DEPLOYMENT_TARGET = 7.1;
				ONLY_ACTIVE_ARCH = YES;
				PROVISIONING_PROFILE = "196850da-dcd1-49c6-8b6f-8cd935fa032b";
				SDKROOT = iphoneos;
			};
			name = Debug;
		};
		F6AB8BDB18D8953800710409 /* Release */ = {
			isa = XCBuildConfiguration;
			buildSettings = {
				ALWAYS_SEARCH_USER_PATHS = NO;
				CLANG_CXX_LANGUAGE_STANDARD = "gnu++0x";
				CLANG_CXX_LIBRARY = "libc++";
				CLANG_ENABLE_MODULES = YES;
				CLANG_ENABLE_OBJC_ARC = YES;
				CLANG_WARN_BOOL_CONVERSION = YES;
				CLANG_WARN_CONSTANT_CONVERSION = YES;
				CLANG_WARN_DIRECT_OBJC_ISA_USAGE = YES_ERROR;
				CLANG_WARN_EMPTY_BODY = YES;
				CLANG_WARN_ENUM_CONVERSION = YES;
				CLANG_WARN_INT_CONVERSION = YES;
				CLANG_WARN_OBJC_ROOT_CLASS = YES_ERROR;
				CLANG_WARN__DUPLICATE_METHOD_MATCH = YES;
				CODE_SIGN_IDENTITY = "iPhone Developer: Li ZuChao (GKXNBCPMPE)";
				"CODE_SIGN_IDENTITY[sdk=iphoneos*]" = "iPhone Developer";
				COPY_PHASE_STRIP = YES;
				ENABLE_NS_ASSERTIONS = NO;
				GCC_C_LANGUAGE_STANDARD = gnu99;
				GCC_WARN_64_TO_32_BIT_CONVERSION = YES;
				GCC_WARN_ABOUT_RETURN_TYPE = YES_ERROR;
				GCC_WARN_UNDECLARED_SELECTOR = YES;
				GCC_WARN_UNINITIALIZED_AUTOS = YES_AGGRESSIVE;
				GCC_WARN_UNUSED_FUNCTION = YES;
				GCC_WARN_UNUSED_VARIABLE = YES;
				IPHONEOS_DEPLOYMENT_TARGET = 7.1;
				PROVISIONING_PROFILE = "196850da-dcd1-49c6-8b6f-8cd935fa032b";
				SDKROOT = iphoneos;
				VALIDATE_PRODUCT = YES;
			};
			name = Release;
		};
		F6AB8BDD18D8953800710409 /* Debug */ = {
			isa = XCBuildConfiguration;
			buildSettings = {
				ASSETCATALOG_COMPILER_APPICON_NAME = AppIcon;
				ASSETCATALOG_COMPILER_LAUNCHIMAGE_NAME = LaunchImage;
				CLANG_ENABLE_MODULES = YES;
				CODE_SIGN_IDENTITY = "";
				"CODE_SIGN_IDENTITY[sdk=iphoneos*]" = "iPhone Developer";
				FRAMEWORK_SEARCH_PATHS = (
					"$(inherited)",
					"$(DEVELOPER_FRAMEWORKS_DIR)",
				);
				GCC_PRECOMPILE_PREFIX_HEADER = YES;
				GCC_PREFIX_HEADER = "iOS-Cook-UI/iOS-Cook-UI-Prefix.pch";
				INFOPLIST_FILE = "iOS-Cook-UI/iOS-Cook-UI-Info.plist";
				IPHONEOS_DEPLOYMENT_TARGET = 7.1;
				LD_RUNPATH_SEARCH_PATHS = "$(inherited) @executable_path/Frameworks";
				MODULE_NAME = "";
				PRODUCT_NAME = "$(TARGET_NAME)";
				PROVISIONING_PROFILE = "e360d07a-6bc7-45eb-97f3-2841ca4e50c9";
				SWIFT_OBJC_BRIDGING_HEADER = "";
				SWIFT_OPTIMIZATION_LEVEL = "-Onone";
				WRAPPER_EXTENSION = app;
			};
			name = Debug;
		};
		F6AB8BDE18D8953800710409 /* Release */ = {
			isa = XCBuildConfiguration;
			buildSettings = {
				ASSETCATALOG_COMPILER_APPICON_NAME = AppIcon;
				ASSETCATALOG_COMPILER_LAUNCHIMAGE_NAME = LaunchImage;
				CLANG_ENABLE_MODULES = YES;
				CODE_SIGN_IDENTITY = "";
				"CODE_SIGN_IDENTITY[sdk=iphoneos*]" = "iPhone Developer";
				FRAMEWORK_SEARCH_PATHS = (
					"$(inherited)",
					"$(DEVELOPER_FRAMEWORKS_DIR)",
				);
				GCC_PRECOMPILE_PREFIX_HEADER = YES;
				GCC_PREFIX_HEADER = "iOS-Cook-UI/iOS-Cook-UI-Prefix.pch";
				INFOPLIST_FILE = "iOS-Cook-UI/iOS-Cook-UI-Info.plist";
				IPHONEOS_DEPLOYMENT_TARGET = 7.1;
				LD_RUNPATH_SEARCH_PATHS = "$(inherited) @executable_path/Frameworks";
				MODULE_NAME = "";
				PRODUCT_NAME = "$(TARGET_NAME)";
				PROVISIONING_PROFILE = "e360d07a-6bc7-45eb-97f3-2841ca4e50c9";
				SWIFT_OBJC_BRIDGING_HEADER = "";
				WRAPPER_EXTENSION = app;
			};
			name = Release;
		};
		F6AB8BE018D8953800710409 /* Debug */ = {
			isa = XCBuildConfiguration;
			buildSettings = {
				BUNDLE_LOADER = "$(BUILT_PRODUCTS_DIR)/iOS-Cook-UI.app/iOS-Cook-UI";
				FRAMEWORK_SEARCH_PATHS = (
					"$(SDKROOT)/Developer/Library/Frameworks",
					"$(inherited)",
					"$(DEVELOPER_FRAMEWORKS_DIR)",
				);
				GCC_PRECOMPILE_PREFIX_HEADER = YES;
				GCC_PREFIX_HEADER = "iOS-Cook-UI/iOS-Cook-UI-Prefix.pch";
				GCC_PREPROCESSOR_DEFINITIONS = (
					"DEBUG=1",
					"$(inherited)",
				);
				INFOPLIST_FILE = "iOS-Cook-UITests/iOS-Cook-UITests-Info.plist";
				PRODUCT_NAME = "$(TARGET_NAME)";
				TEST_HOST = "$(BUNDLE_LOADER)";
				WRAPPER_EXTENSION = xctest;
			};
			name = Debug;
		};
		F6AB8BE118D8953800710409 /* Release */ = {
			isa = XCBuildConfiguration;
			buildSettings = {
				BUNDLE_LOADER = "$(BUILT_PRODUCTS_DIR)/iOS-Cook-UI.app/iOS-Cook-UI";
				FRAMEWORK_SEARCH_PATHS = (
					"$(SDKROOT)/Developer/Library/Frameworks",
					"$(inherited)",
					"$(DEVELOPER_FRAMEWORKS_DIR)",
				);
				GCC_PRECOMPILE_PREFIX_HEADER = YES;
				GCC_PREFIX_HEADER = "iOS-Cook-UI/iOS-Cook-UI-Prefix.pch";
				INFOPLIST_FILE = "iOS-Cook-UITests/iOS-Cook-UITests-Info.plist";
				PRODUCT_NAME = "$(TARGET_NAME)";
				TEST_HOST = "$(BUNDLE_LOADER)";
				WRAPPER_EXTENSION = xctest;
			};
			name = Release;
		};
/* End XCBuildConfiguration section */

/* Begin XCConfigurationList section */
		F6AB8BAB18D8953800710409 /* Build configuration list for PBXProject "iOS-Cook-UI" */ = {
			isa = XCConfigurationList;
			buildConfigurations = (
				F6AB8BDA18D8953800710409 /* Debug */,
				F6AB8BDB18D8953800710409 /* Release */,
			);
			defaultConfigurationIsVisible = 0;
			defaultConfigurationName = Release;
		};
		F6AB8BDC18D8953800710409 /* Build configuration list for PBXNativeTarget "iOS-Cook-UI" */ = {
			isa = XCConfigurationList;
			buildConfigurations = (
				F6AB8BDD18D8953800710409 /* Debug */,
				F6AB8BDE18D8953800710409 /* Release */,
			);
			defaultConfigurationIsVisible = 0;
			defaultConfigurationName = Release;
		};
		F6AB8BDF18D8953800710409 /* Build configuration list for PBXNativeTarget "iOS-Cook-UITests" */ = {
			isa = XCConfigurationList;
			buildConfigurations = (
				F6AB8BE018D8953800710409 /* Debug */,
				F6AB8BE118D8953800710409 /* Release */,
			);
			defaultConfigurationIsVisible = 0;
			defaultConfigurationName = Release;
		};
/* End XCConfigurationList section */
	};
	rootObject = F6AB8BA818D8953800710409 /* Project object */;
}
