// !$*UTF8*$!
{
	archiveVersion = 1;
	classes = {
	};
	objectVersion = 46;
	objects = {

/* Begin PBXBuildFile section */
		F607F53D18D898C00062E811 /* UIList.plist in Resources */ = {isa = PBXBuildFile; fileRef = F607F53C18D898C00062E811 /* UIList.plist */; };
		F607F54018D899D40062E811 /* XPUITableViewController.m in Sources */ = {isa = PBXBuildFile; fileRef = F607F53F18D899D40062E811 /* XPUITableViewController.m */; };
		F64FEF2618E863F60012FF82 /* AFHTTPRequestOperation.m in Sources */ = {isa = PBXBuildFile; fileRef = F64FEF1418E863F60012FF82 /* AFHTTPRequestOperation.m */; };
		F64FEF2718E863F60012FF82 /* AFHTTPRequestOperationManager.m in Sources */ = {isa = PBXBuildFile; fileRef = F64FEF1618E863F60012FF82 /* AFHTTPRequestOperationManager.m */; };
		F64FEF2818E863F60012FF82 /* AFHTTPSessionManager.m in Sources */ = {isa = PBXBuildFile; fileRef = F64FEF1818E863F60012FF82 /* AFHTTPSessionManager.m */; };
		F64FEF2918E863F60012FF82 /* AFNetworkReachabilityManager.m in Sources */ = {isa = PBXBuildFile; fileRef = F64FEF1B18E863F60012FF82 /* AFNetworkReachabilityManager.m */; };
		F64FEF2A18E863F60012FF82 /* AFSecurityPolicy.m in Sources */ = {isa = PBXBuildFile; fileRef = F64FEF1D18E863F60012FF82 /* AFSecurityPolicy.m */; };
		F64FEF2B18E863F60012FF82 /* AFURLConnectionOperation.m in Sources */ = {isa = PBXBuildFile; fileRef = F64FEF1F18E863F60012FF82 /* AFURLConnectionOperation.m */; };
		F64FEF2C18E863F60012FF82 /* AFURLRequestSerialization.m in Sources */ = {isa = PBXBuildFile; fileRef = F64FEF2118E863F60012FF82 /* AFURLRequestSerialization.m */; };
		F64FEF2D18E863F60012FF82 /* AFURLResponseSerialization.m in Sources */ = {isa = PBXBuildFile; fileRef = F64FEF2318E863F60012FF82 /* AFURLResponseSerialization.m */; };
		F64FEF2E18E863F60012FF82 /* AFURLSessionManager.m in Sources */ = {isa = PBXBuildFile; fileRef = F64FEF2518E863F60012FF82 /* AFURLSessionManager.m */; };
		F66C92BA18E1A5F40070341F /* XPBlurSlideBarController.m in Sources */ = {isa = PBXBuildFile; fileRef = F66C92B718E1A5F40070341F /* XPBlurSlideBarController.m */; };
		F66C92BB18E1A5F40070341F /* XPBlurSlideBarViewController.m in Sources */ = {isa = PBXBuildFile; fileRef = F66C92B918E1A5F40070341F /* XPBlurSlideBarViewController.m */; };
		F66C92BF18E1A6DB0070341F /* XPDrawerViewController.m in Sources */ = {isa = PBXBuildFile; fileRef = F66C92BE18E1A6DB0070341F /* XPDrawerViewController.m */; };
		F66C92C218E1B27D0070341F /* XPLeftDrawerViewController.m in Sources */ = {isa = PBXBuildFile; fileRef = F66C92C118E1B27D0070341F /* XPLeftDrawerViewController.m */; };
		F66C92C518E1B28E0070341F /* XPRightDrawerViewController.m in Sources */ = {isa = PBXBuildFile; fileRef = F66C92C418E1B28E0070341F /* XPRightDrawerViewController.m */; };
		F66C92C818E1B7050070341F /* XPDrawerModel.m in Sources */ = {isa = PBXBuildFile; fileRef = F66C92C718E1B7050070341F /* XPDrawerModel.m */; };
		F69F1EDB18E2CD2C00B4F208 /* XPDrawerButton.m in Sources */ = {isa = PBXBuildFile; fileRef = F69F1EDA18E2CD2C00B4F208 /* XPDrawerButton.m */; };
		F69F1EDE18E2DBB400B4F208 /* XPTopicViewController.m in Sources */ = {isa = PBXBuildFile; fileRef = F69F1EDD18E2DBB400B4F208 /* XPTopicViewController.m */; };
		F69F1EE118E2DBD500B4F208 /* XPCommentViewController.m in Sources */ = {isa = PBXBuildFile; fileRef = F69F1EE018E2DBD500B4F208 /* XPCommentViewController.m */; };
		F69F1EE418E2DBF100B4F208 /* XPImageViewController.m in Sources */ = {isa = PBXBuildFile; fileRef = F69F1EE318E2DBF100B4F208 /* XPImageViewController.m */; };
		F69F1EE718E2DC0F00B4F208 /* XPSubscriptionViewController.m in Sources */ = {isa = PBXBuildFile; fileRef = F69F1EE618E2DC0F00B4F208 /* XPSubscriptionViewController.m */; };
		F69F1EEA18E2DC3C00B4F208 /* XPLocalViewController.m in Sources */ = {isa = PBXBuildFile; fileRef = F69F1EE918E2DC3C00B4F208 /* XPLocalViewController.m */; };
		F6A4A30518E52B7600ADF7BD /* XPHUDViewController.m in Sources */ = {isa = PBXBuildFile; fileRef = F6A4A30418E52B7600ADF7BD /* XPHUDViewController.m */; };
		F6A7F0F218E9ABC60084DB80 /* UILabel+Category.m in Sources */ = {isa = PBXBuildFile; fileRef = F6A7F0F118E9ABC60084DB80 /* UILabel+Category.m */; };
		F6A8875918E1F31D00D6E033 /* XPNewsViewController.m in Sources */ = {isa = PBXBuildFile; fileRef = F6A8875818E1F31D00D6E033 /* XPNewsViewController.m */; };
		F6AB8BB418D8953800710409 /* Foundation.framework in Frameworks */ = {isa = PBXBuildFile; fileRef = F6AB8BB318D8953800710409 /* Foundation.framework */; };
		F6AB8BB618D8953800710409 /* CoreGraphics.framework in Frameworks */ = {isa = PBXBuildFile; fileRef = F6AB8BB518D8953800710409 /* CoreGraphics.framework */; };
		F6AB8BB818D8953800710409 /* UIKit.framework in Frameworks */ = {isa = PBXBuildFile; fileRef = F6AB8BB718D8953800710409 /* UIKit.framework */; };
		F6AB8BBE18D8953800710409 /* InfoPlist.strings in Resources */ = {isa = PBXBuildFile; fileRef = F6AB8BBC18D8953800710409 /* InfoPlist.strings */; };
		F6AB8BC018D8953800710409 /* main.m in Sources */ = {isa = PBXBuildFile; fileRef = F6AB8BBF18D8953800710409 /* main.m */; };
		F6AB8BC418D8953800710409 /* XPAppDelegate.m in Sources */ = {isa = PBXBuildFile; fileRef = F6AB8BC318D8953800710409 /* XPAppDelegate.m */; };
		F6AB8BC618D8953800710409 /* Images.xcassets in Resources */ = {isa = PBXBuildFile; fileRef = F6AB8BC518D8953800710409 /* Images.xcassets */; };
		F6AB8BCD18D8953800710409 /* XCTest.framework in Frameworks */ = {isa = PBXBuildFile; fileRef = F6AB8BCC18D8953800710409 /* XCTest.framework */; };
		F6AB8BCE18D8953800710409 /* Foundation.framework in Frameworks */ = {isa = PBXBuildFile; fileRef = F6AB8BB318D8953800710409 /* Foundation.framework */; };
		F6AB8BCF18D8953800710409 /* UIKit.framework in Frameworks */ = {isa = PBXBuildFile; fileRef = F6AB8BB718D8953800710409 /* UIKit.framework */; };
		F6AB8BD718D8953800710409 /* InfoPlist.strings in Resources */ = {isa = PBXBuildFile; fileRef = F6AB8BD518D8953800710409 /* InfoPlist.strings */; };
		F6AB8BD918D8953800710409 /* iOS_Cook_UITests.m in Sources */ = {isa = PBXBuildFile; fileRef = F6AB8BD818D8953800710409 /* iOS_Cook_UITests.m */; };
		F6AB8BE318D895D300710409 /* XPMainStoryboard.storyboard in Resources */ = {isa = PBXBuildFile; fileRef = F6AB8BE218D895D300710409 /* XPMainStoryboard.storyboard */; };
		F6E185EB18E3383A0046F0D3 /* XPHUD.m in Sources */ = {isa = PBXBuildFile; fileRef = F6E185EA18E3383A0046F0D3 /* XPHUD.m */; };
		F6EBBEB018DFF6BD001C252C /* UIColor+Category.m in Sources */ = {isa = PBXBuildFile; fileRef = F6EBBEAF18DFF6BD001C252C /* UIColor+Category.m */; };
/* End PBXBuildFile section */

/* Begin PBXContainerItemProxy section */
		F6AB8BD018D8953800710409 /* PBXContainerItemProxy */ = {
			isa = PBXContainerItemProxy;
			containerPortal = F6AB8BA818D8953800710409 /* Project object */;
			proxyType = 1;
			remoteGlobalIDString = F6AB8BAF18D8953800710409;
			remoteInfo = "iOS-Cook-UI";
		};
/* End PBXContainerItemProxy section */

/* Begin PBXFileReference section */
		F607F53C18D898C00062E811 /* UIList.plist */ = {isa = PBXFileReference; fileEncoding = 4; lastKnownFileType = text.plist.xml; path = UIList.plist; sourceTree = "<group>"; };
		F607F53E18D899D40062E811 /* XPUITableViewController.h */ = {isa = PBXFileReference; fileEncoding = 4; lastKnownFileType = sourcecode.c.h; path = XPUITableViewController.h; sourceTree = "<group>"; };
		F607F53F18D899D40062E811 /* XPUITableViewController.m */ = {isa = PBXFileReference; fileEncoding = 4; lastKnownFileType = sourcecode.c.objc; path = XPUITableViewController.m; sourceTree = "<group>"; };
		F64FEF1318E863F60012FF82 /* AFHTTPRequestOperation.h */ = {isa = PBXFileReference; fileEncoding = 4; lastKnownFileType = sourcecode.c.h; path = AFHTTPRequestOperation.h; sourceTree = "<group>"; };
		F64FEF1418E863F60012FF82 /* AFHTTPRequestOperation.m */ = {isa = PBXFileReference; fileEncoding = 4; lastKnownFileType = sourcecode.c.objc; path = AFHTTPRequestOperation.m; sourceTree = "<group>"; };
		F64FEF1518E863F60012FF82 /* AFHTTPRequestOperationManager.h */ = {isa = PBXFileReference; fileEncoding = 4; lastKnownFileType = sourcecode.c.h; path = AFHTTPRequestOperationManager.h; sourceTree = "<group>"; };
		F64FEF1618E863F60012FF82 /* AFHTTPRequestOperationManager.m */ = {isa = PBXFileReference; fileEncoding = 4; lastKnownFileType = sourcecode.c.objc; path = AFHTTPRequestOperationManager.m; sourceTree = "<group>"; };
		F64FEF1718E863F60012FF82 /* AFHTTPSessionManager.h */ = {isa = PBXFileReference; fileEncoding = 4; lastKnownFileType = sourcecode.c.h; path = AFHTTPSessionManager.h; sourceTree = "<group>"; };
		F64FEF1818E863F60012FF82 /* AFHTTPSessionManager.m */ = {isa = PBXFileReference; fileEncoding = 4; lastKnownFileType = sourcecode.c.objc; path = AFHTTPSessionManager.m; sourceTree = "<group>"; };
		F64FEF1918E863F60012FF82 /* AFNetworking.h */ = {isa = PBXFileReference; fileEncoding = 4; lastKnownFileType = sourcecode.c.h; path = AFNetworking.h; sourceTree = "<group>"; };
		F64FEF1A18E863F60012FF82 /* AFNetworkReachabilityManager.h */ = {isa = PBXFileReference; fileEncoding = 4; lastKnownFileType = sourcecode.c.h; path = AFNetworkReachabilityManager.h; sourceTree = "<group>"; };
		F64FEF1B18E863F60012FF82 /* AFNetworkReachabilityManager.m */ = {isa = PBXFileReference; fileEncoding = 4; lastKnownFileType = sourcecode.c.objc; path = AFNetworkReachabilityManager.m; sourceTree = "<group>"; };
		F64FEF1C18E863F60012FF82 /* AFSecurityPolicy.h */ = {isa = PBXFileReference; fileEncoding = 4; lastKnownFileType = sourcecode.c.h; path = AFSecurityPolicy.h; sourceTree = "<group>"; };
		F64FEF1D18E863F60012FF82 /* AFSecurityPolicy.m */ = {isa = PBXFileReference; fileEncoding = 4; lastKnownFileType = sourcecode.c.objc; path = AFSecurityPolicy.m; sourceTree = "<group>"; };
		F64FEF1E18E863F60012FF82 /* AFURLConnectionOperation.h */ = {isa = PBXFileReference; fileEncoding = 4; lastKnownFileType = sourcecode.c.h; path = AFURLConnectionOperation.h; sourceTree = "<group>"; };
		F64FEF1F18E863F60012FF82 /* AFURLConnectionOperation.m */ = {isa = PBXFileReference; fileEncoding = 4; lastKnownFileType = sourcecode.c.objc; path = AFURLConnectionOperation.m; sourceTree = "<group>"; };
		F64FEF2018E863F60012FF82 /* AFURLRequestSerialization.h */ = {isa = PBXFileReference; fileEncoding = 4; lastKnownFileType = sourcecode.c.h; path = AFURLRequestSerialization.h; sourceTree = "<group>"; };
		F64FEF2118E863F60012FF82 /* AFURLRequestSerialization.m */ = {isa = PBXFileReference; fileEncoding = 4; lastKnownFileType = sourcecode.c.objc; path = AFURLRequestSerialization.m; sourceTree = "<group>"; };
		F64FEF2218E863F60012FF82 /* AFURLResponseSerialization.h */ = {isa = PBXFileReference; fileEncoding = 4; lastKnownFileType = sourcecode.c.h; path = AFURLResponseSerialization.h; sourceTree = "<group>"; };
		F64FEF2318E863F60012FF82 /* AFURLResponseSerialization.m */ = {isa = PBXFileReference; fileEncoding = 4; lastKnownFileType = sourcecode.c.objc; path = AFURLResponseSerialization.m; sourceTree = "<group>"; };
		F64FEF2418E863F60012FF82 /* AFURLSessionManager.h */ = {isa = PBXFileReference; fileEncoding = 4; lastKnownFileType = sourcecode.c.h; path = AFURLSessionManager.h; sourceTree = "<group>"; };
		F64FEF2518E863F60012FF82 /* AFURLSessionManager.m */ = {isa = PBXFileReference; fileEncoding = 4; lastKnownFileType = sourcecode.c.objc; path = AFURLSessionManager.m; sourceTree = "<group>"; };
		F66C92B618E1A5F40070341F /* XPBlurSlideBarController.h */ = {isa = PBXFileReference; fileEncoding = 4; lastKnownFileType = sourcecode.c.h; path = XPBlurSlideBarController.h; sourceTree = "<group>"; };
		F66C92B718E1A5F40070341F /* XPBlurSlideBarController.m */ = {isa = PBXFileReference; fileEncoding = 4; lastKnownFileType = sourcecode.c.objc; path = XPBlurSlideBarController.m; sourceTree = "<group>"; };
		F66C92B818E1A5F40070341F /* XPBlurSlideBarViewController.h */ = {isa = PBXFileReference; fileEncoding = 4; lastKnownFileType = sourcecode.c.h; path = XPBlurSlideBarViewController.h; sourceTree = "<group>"; };
		F66C92B918E1A5F40070341F /* XPBlurSlideBarViewController.m */ = {isa = PBXFileReference; fileEncoding = 4; lastKnownFileType = sourcecode.c.objc; path = XPBlurSlideBarViewController.m; sourceTree = "<group>"; };
		F66C92BD18E1A6DB0070341F /* XPDrawerViewController.h */ = {isa = PBXFileReference; fileEncoding = 4; lastKnownFileType = sourcecode.c.h; path = XPDrawerViewController.h; sourceTree = "<group>"; };
		F66C92BE18E1A6DB0070341F /* XPDrawerViewController.m */ = {isa = PBXFileReference; fileEncoding = 4; lastKnownFileType = sourcecode.c.objc; path = XPDrawerViewController.m; sourceTree = "<group>"; };
		F66C92C018E1B27D0070341F /* XPLeftDrawerViewController.h */ = {isa = PBXFileReference; fileEncoding = 4; lastKnownFileType = sourcecode.c.h; path = XPLeftDrawerViewController.h; sourceTree = "<group>"; };
		F66C92C118E1B27D0070341F /* XPLeftDrawerViewController.m */ = {isa = PBXFileReference; fileEncoding = 4; lastKnownFileType = sourcecode.c.objc; path = XPLeftDrawerViewController.m; sourceTree = "<group>"; };
		F66C92C318E1B28E0070341F /* XPRightDrawerViewController.h */ = {isa = PBXFileReference; fileEncoding = 4; lastKnownFileType = sourcecode.c.h; path = XPRightDrawerViewController.h; sourceTree = "<group>"; };
		F66C92C418E1B28E0070341F /* XPRightDrawerViewController.m */ = {isa = PBXFileReference; fileEncoding = 4; lastKnownFileType = sourcecode.c.objc; path = XPRightDrawerViewController.m; sourceTree = "<group>"; };
		F66C92C618E1B7050070341F /* XPDrawerModel.h */ = {isa = PBXFileReference; fileEncoding = 4; lastKnownFileType = sourcecode.c.h; path = XPDrawerModel.h; sourceTree = "<group>"; };
		F66C92C718E1B7050070341F /* XPDrawerModel.m */ = {isa = PBXFileReference; fileEncoding = 4; lastKnownFileType = sourcecode.c.objc; path = XPDrawerModel.m; sourceTree = "<group>"; };
		F69F1ED918E2CD2C00B4F208 /* XPDrawerButton.h */ = {isa = PBXFileReference; fileEncoding = 4; lastKnownFileType = sourcecode.c.h; path = XPDrawerButton.h; sourceTree = "<group>"; };
		F69F1EDA18E2CD2C00B4F208 /* XPDrawerButton.m */ = {isa = PBXFileReference; fileEncoding = 4; lastKnownFileType = sourcecode.c.objc; path = XPDrawerButton.m; sourceTree = "<group>"; };
		F69F1EDC18E2DBB400B4F208 /* XPTopicViewController.h */ = {isa = PBXFileReference; fileEncoding = 4; lastKnownFileType = sourcecode.c.h; path = XPTopicViewController.h; sourceTree = "<group>"; };
		F69F1EDD18E2DBB400B4F208 /* XPTopicViewController.m */ = {isa = PBXFileReference; fileEncoding = 4; lastKnownFileType = sourcecode.c.objc; path = XPTopicViewController.m; sourceTree = "<group>"; };
		F69F1EDF18E2DBD500B4F208 /* XPCommentViewController.h */ = {isa = PBXFileReference; fileEncoding = 4; lastKnownFileType = sourcecode.c.h; path = XPCommentViewController.h; sourceTree = "<group>"; };
		F69F1EE018E2DBD500B4F208 /* XPCommentViewController.m */ = {isa = PBXFileReference; fileEncoding = 4; lastKnownFileType = sourcecode.c.objc; path = XPCommentViewController.m; sourceTree = "<group>"; };
		F69F1EE218E2DBF100B4F208 /* XPImageViewController.h */ = {isa = PBXFileReference; fileEncoding = 4; lastKnownFileType = sourcecode.c.h; path = XPImageViewController.h; sourceTree = "<group>"; };
		F69F1EE318E2DBF100B4F208 /* XPImageViewController.m */ = {isa = PBXFileReference; fileEncoding = 4; lastKnownFileType = sourcecode.c.objc; path = XPImageViewController.m; sourceTree = "<group>"; };
		F69F1EE518E2DC0F00B4F208 /* XPSubscriptionViewController.h */ = {isa = PBXFileReference; fileEncoding = 4; lastKnownFileType = sourcecode.c.h; path = XPSubscriptionViewController.h; sourceTree = "<group>"; };
		F69F1EE618E2DC0F00B4F208 /* XPSubscriptionViewController.m */ = {isa = PBXFileReference; fileEncoding = 4; lastKnownFileType = sourcecode.c.objc; path = XPSubscriptionViewController.m; sourceTree = "<group>"; };
		F69F1EE818E2DC3C00B4F208 /* XPLocalViewController.h */ = {isa = PBXFileReference; fileEncoding = 4; lastKnownFileType = sourcecode.c.h; path = XPLocalViewController.h; sourceTree = "<group>"; };
		F69F1EE918E2DC3C00B4F208 /* XPLocalViewController.m */ = {isa = PBXFileReference; fileEncoding = 4; lastKnownFileType = sourcecode.c.objc; path = XPLocalViewController.m; sourceTree = "<group>"; };
		F6A4A30318E52B7600ADF7BD /* XPHUDViewController.h */ = {isa = PBXFileReference; fileEncoding = 4; lastKnownFileType = sourcecode.c.h; path = XPHUDViewController.h; sourceTree = "<group>"; };
		F6A4A30418E52B7600ADF7BD /* XPHUDViewController.m */ = {isa = PBXFileReference; fileEncoding = 4; lastKnownFileType = sourcecode.c.objc; path = XPHUDViewController.m; sourceTree = "<group>"; };
		F6A7F0F018E9ABC60084DB80 /* UILabel+Category.h */ = {isa = PBXFileReference; fileEncoding = 4; lastKnownFileType = sourcecode.c.h; path = "UILabel+Category.h"; sourceTree = "<group>"; };
		F6A7F0F118E9ABC60084DB80 /* UILabel+Category.m */ = {isa = PBXFileReference; fileEncoding = 4; lastKnownFileType = sourcecode.c.objc; path = "UILabel+Category.m"; sourceTree = "<group>"; };
		F6A8875718E1F31D00D6E033 /* XPNewsViewController.h */ = {isa = PBXFileReference; fileEncoding = 4; lastKnownFileType = sourcecode.c.h; path = XPNewsViewController.h; sourceTree = "<group>"; };
		F6A8875818E1F31D00D6E033 /* XPNewsViewController.m */ = {isa = PBXFileReference; fileEncoding = 4; lastKnownFileType = sourcecode.c.objc; path = XPNewsViewController.m; sourceTree = "<group>"; };
		F6AB8BB018D8953800710409 /* iOS-Cook-UI.app */ = {isa = PBXFileReference; explicitFileType = wrapper.application; includeInIndex = 0; path = "iOS-Cook-UI.app"; sourceTree = BUILT_PRODUCTS_DIR; };
		F6AB8BB318D8953800710409 /* Foundation.framework */ = {isa = PBXFileReference; lastKnownFileType = wrapper.framework; name = Foundation.framework; path = System/Library/Frameworks/Foundation.framework; sourceTree = SDKROOT; };
		F6AB8BB518D8953800710409 /* CoreGraphics.framework */ = {isa = PBXFileReference; lastKnownFileType = wrapper.framework; name = CoreGraphics.framework; path = System/Library/Frameworks/CoreGraphics.framework; sourceTree = SDKROOT; };
		F6AB8BB718D8953800710409 /* UIKit.framework */ = {isa = PBXFileReference; lastKnownFileType = wrapper.framework; name = UIKit.framework; path = System/Library/Frameworks/UIKit.framework; sourceTree = SDKROOT; };
		F6AB8BBB18D8953800710409 /* iOS-Cook-UI-Info.plist */ = {isa = PBXFileReference; lastKnownFileType = text.plist.xml; path = "iOS-Cook-UI-Info.plist"; sourceTree = "<group>"; };
		F6AB8BBD18D8953800710409 /* en */ = {isa = PBXFileReference; lastKnownFileType = text.plist.strings; name = en; path = en.lproj/InfoPlist.strings; sourceTree = "<group>"; };
		F6AB8BBF18D8953800710409 /* main.m */ = {isa = PBXFileReference; lastKnownFileType = sourcecode.c.objc; path = main.m; sourceTree = "<group>"; };
		F6AB8BC118D8953800710409 /* iOS-Cook-UI-Prefix.pch */ = {isa = PBXFileReference; lastKnownFileType = sourcecode.c.h; path = "iOS-Cook-UI-Prefix.pch"; sourceTree = "<group>"; };
		F6AB8BC218D8953800710409 /* XPAppDelegate.h */ = {isa = PBXFileReference; lastKnownFileType = sourcecode.c.h; path = XPAppDelegate.h; sourceTree = "<group>"; };
		F6AB8BC318D8953800710409 /* XPAppDelegate.m */ = {isa = PBXFileReference; lastKnownFileType = sourcecode.c.objc; path = XPAppDelegate.m; sourceTree = "<group>"; };
		F6AB8BC518D8953800710409 /* Images.xcassets */ = {isa = PBXFileReference; lastKnownFileType = folder.assetcatalog; path = Images.xcassets; sourceTree = "<group>"; };
		F6AB8BCB18D8953800710409 /* iOS-Cook-UITests.xctest */ = {isa = PBXFileReference; explicitFileType = wrapper.cfbundle; includeInIndex = 0; path = "iOS-Cook-UITests.xctest"; sourceTree = BUILT_PRODUCTS_DIR; };
		F6AB8BCC18D8953800710409 /* XCTest.framework */ = {isa = PBXFileReference; lastKnownFileType = wrapper.framework; name = XCTest.framework; path = Library/Frameworks/XCTest.framework; sourceTree = DEVELOPER_DIR; };
		F6AB8BD418D8953800710409 /* iOS-Cook-UITests-Info.plist */ = {isa = PBXFileReference; lastKnownFileType = text.plist.xml; path = "iOS-Cook-UITests-Info.plist"; sourceTree = "<group>"; };
		F6AB8BD618D8953800710409 /* en */ = {isa = PBXFileReference; lastKnownFileType = text.plist.strings; name = en; path = en.lproj/InfoPlist.strings; sourceTree = "<group>"; };
		F6AB8BD818D8953800710409 /* iOS_Cook_UITests.m */ = {isa = PBXFileReference; lastKnownFileType = sourcecode.c.objc; path = iOS_Cook_UITests.m; sourceTree = "<group>"; };
		F6AB8BE218D895D300710409 /* XPMainStoryboard.storyboard */ = {isa = PBXFileReference; fileEncoding = 4; lastKnownFileType = file.storyboard; path = XPMainStoryboard.storyboard; sourceTree = "<group>"; };
		F6E185E918E3383A0046F0D3 /* XPHUD.h */ = {isa = PBXFileReference; fileEncoding = 4; lastKnownFileType = sourcecode.c.h; path = XPHUD.h; sourceTree = "<group>"; };
		F6E185EA18E3383A0046F0D3 /* XPHUD.m */ = {isa = PBXFileReference; fileEncoding = 4; lastKnownFileType = sourcecode.c.objc; path = XPHUD.m; sourceTree = "<group>"; };
		F6EBBEAE18DFF6BD001C252C /* UIColor+Category.h */ = {isa = PBXFileReference; fileEncoding = 4; lastKnownFileType = sourcecode.c.h; path = "UIColor+Category.h"; sourceTree = "<group>"; };
		F6EBBEAF18DFF6BD001C252C /* UIColor+Category.m */ = {isa = PBXFileReference; fileEncoding = 4; lastKnownFileType = sourcecode.c.objc; path = "UIColor+Category.m"; sourceTree = "<group>"; };
		F6EBBEB118DFF6EF001C252C /* XPCategory.h */ = {isa = PBXFileReference; fileEncoding = 4; lastKnownFileType = sourcecode.c.h; path = XPCategory.h; sourceTree = "<group>"; };
/* End PBXFileReference section */

/* Begin PBXFrameworksBuildPhase section */
		F6AB8BAD18D8953800710409 /* Frameworks */ = {
			isa = PBXFrameworksBuildPhase;
			buildActionMask = 2147483647;
			files = (
				F6AB8BB618D8953800710409 /* CoreGraphics.framework in Frameworks */,
				F6AB8BB818D8953800710409 /* UIKit.framework in Frameworks */,
				F6AB8BB418D8953800710409 /* Foundation.framework in Frameworks */,
			);
			runOnlyForDeploymentPostprocessing = 0;
		};
		F6AB8BC818D8953800710409 /* Frameworks */ = {
			isa = PBXFrameworksBuildPhase;
			buildActionMask = 2147483647;
			files = (
				F6AB8BCD18D8953800710409 /* XCTest.framework in Frameworks */,
				F6AB8BCF18D8953800710409 /* UIKit.framework in Frameworks */,
				F6AB8BCE18D8953800710409 /* Foundation.framework in Frameworks */,
			);
			runOnlyForDeploymentPostprocessing = 0;
		};
/* End PBXFrameworksBuildPhase section */

/* Begin PBXGroup section */
		F64FEF1118E863F60012FF82 /* ImportedLibrary */ = {
			isa = PBXGroup;
			children = (
				F64FEF1218E863F60012FF82 /* AFNetworking */,
			);
			path = ImportedLibrary;
			sourceTree = "<group>";
		};
		F64FEF1218E863F60012FF82 /* AFNetworking */ = {
			isa = PBXGroup;
			children = (
				F64FEF1318E863F60012FF82 /* AFHTTPRequestOperation.h */,
				F64FEF1418E863F60012FF82 /* AFHTTPRequestOperation.m */,
				F64FEF1518E863F60012FF82 /* AFHTTPRequestOperationManager.h */,
				F64FEF1618E863F60012FF82 /* AFHTTPRequestOperationManager.m */,
				F64FEF1718E863F60012FF82 /* AFHTTPSessionManager.h */,
				F64FEF1818E863F60012FF82 /* AFHTTPSessionManager.m */,
				F64FEF1918E863F60012FF82 /* AFNetworking.h */,
				F64FEF1A18E863F60012FF82 /* AFNetworkReachabilityManager.h */,
				F64FEF1B18E863F60012FF82 /* AFNetworkReachabilityManager.m */,
				F64FEF1C18E863F60012FF82 /* AFSecurityPolicy.h */,
				F64FEF1D18E863F60012FF82 /* AFSecurityPolicy.m */,
				F64FEF1E18E863F60012FF82 /* AFURLConnectionOperation.h */,
				F64FEF1F18E863F60012FF82 /* AFURLConnectionOperation.m */,
				F64FEF2018E863F60012FF82 /* AFURLRequestSerialization.h */,
				F64FEF2118E863F60012FF82 /* AFURLRequestSerialization.m */,
				F64FEF2218E863F60012FF82 /* AFURLResponseSerialization.h */,
				F64FEF2318E863F60012FF82 /* AFURLResponseSerialization.m */,
				F64FEF2418E863F60012FF82 /* AFURLSessionManager.h */,
				F64FEF2518E863F60012FF82 /* AFURLSessionManager.m */,
			);
			path = AFNetworking;
			sourceTree = "<group>";
		};
		F66C92B518E1A5F40070341F /* BlurSlideBar */ = {
			isa = PBXGroup;
			children = (
				F66C92B618E1A5F40070341F /* XPBlurSlideBarController.h */,
				F66C92B718E1A5F40070341F /* XPBlurSlideBarController.m */,
				F66C92B818E1A5F40070341F /* XPBlurSlideBarViewController.h */,
				F66C92B918E1A5F40070341F /* XPBlurSlideBarViewController.m */,
			);
			path = BlurSlideBar;
			sourceTree = "<group>";
		};
		F66C92BC18E1A5FA0070341F /* DrawerViewController */ = {
			isa = PBXGroup;
			children = (
				F66C92BD18E1A6DB0070341F /* XPDrawerViewController.h */,
				F66C92BE18E1A6DB0070341F /* XPDrawerViewController.m */,
				F66C92C018E1B27D0070341F /* XPLeftDrawerViewController.h */,
				F66C92C118E1B27D0070341F /* XPLeftDrawerViewController.m */,
				F66C92C318E1B28E0070341F /* XPRightDrawerViewController.h */,
				F66C92C418E1B28E0070341F /* XPRightDrawerViewController.m */,
				F66C92C618E1B7050070341F /* XPDrawerModel.h */,
				F66C92C718E1B7050070341F /* XPDrawerModel.m */,
				F6A8875718E1F31D00D6E033 /* XPNewsViewController.h */,
				F6A8875818E1F31D00D6E033 /* XPNewsViewController.m */,
				F69F1ED918E2CD2C00B4F208 /* XPDrawerButton.h */,
				F69F1EDA18E2CD2C00B4F208 /* XPDrawerButton.m */,
				F69F1EDC18E2DBB400B4F208 /* XPTopicViewController.h */,
				F69F1EDD18E2DBB400B4F208 /* XPTopicViewController.m */,
				F69F1EDF18E2DBD500B4F208 /* XPCommentViewController.h */,
				F69F1EE018E2DBD500B4F208 /* XPCommentViewController.m */,
				F69F1EE218E2DBF100B4F208 /* XPImageViewController.h */,
				F69F1EE318E2DBF100B4F208 /* XPImageViewController.m */,
				F69F1EE518E2DC0F00B4F208 /* XPSubscriptionViewController.h */,
				F69F1EE618E2DC0F00B4F208 /* XPSubscriptionViewController.m */,
				F69F1EE818E2DC3C00B4F208 /* XPLocalViewController.h */,
				F69F1EE918E2DC3C00B4F208 /* XPLocalViewController.m */,
			);
			path = DrawerViewController;
			sourceTree = "<group>";
		};
		F6AB8BA718D8953800710409 = {
			isa = PBXGroup;
			children = (
				F6AB8BB918D8953800710409 /* iOS-Cook-UI */,
				F6AB8BD218D8953800710409 /* iOS-Cook-UITests */,
				F6AB8BB218D8953800710409 /* Frameworks */,
				F6AB8BB118D8953800710409 /* Products */,
			);
			sourceTree = "<group>";
		};
		F6AB8BB118D8953800710409 /* Products */ = {
			isa = PBXGroup;
			children = (
				F6AB8BB018D8953800710409 /* iOS-Cook-UI.app */,
				F6AB8BCB18D8953800710409 /* iOS-Cook-UITests.xctest */,
			);
			name = Products;
			sourceTree = "<group>";
		};
		F6AB8BB218D8953800710409 /* Frameworks */ = {
			isa = PBXGroup;
			children = (
				F6AB8BB318D8953800710409 /* Foundation.framework */,
				F6AB8BB518D8953800710409 /* CoreGraphics.framework */,
				F6AB8BB718D8953800710409 /* UIKit.framework */,
				F6AB8BCC18D8953800710409 /* XCTest.framework */,
			);
			name = Frameworks;
			sourceTree = "<group>";
		};
		F6AB8BB918D8953800710409 /* iOS-Cook-UI */ = {
			isa = PBXGroup;
			children = (
				F64FEF1118E863F60012FF82 /* ImportedLibrary */,
				F6E185E818E337C90046F0D3 /* HUD */,
				F66C92BC18E1A5FA0070341F /* DrawerViewController */,
				F66C92B518E1A5F40070341F /* BlurSlideBar */,
				F6EBBEAD18DFF6A2001C252C /* Category */,
				F6AB8BC218D8953800710409 /* XPAppDelegate.h */,
				F6AB8BC318D8953800710409 /* XPAppDelegate.m */,
				F607F53E18D899D40062E811 /* XPUITableViewController.h */,
				F607F53F18D899D40062E811 /* XPUITableViewController.m */,
				F6AB8BC518D8953800710409 /* Images.xcassets */,
				F6AB8BE218D895D300710409 /* XPMainStoryboard.storyboard */,
				F6AB8BBA18D8953800710409 /* Supporting Files */,
			);
			path = "iOS-Cook-UI";
			sourceTree = "<group>";
		};
		F6AB8BBA18D8953800710409 /* Supporting Files */ = {
			isa = PBXGroup;
			children = (
				F6AB8BBB18D8953800710409 /* iOS-Cook-UI-Info.plist */,
				F6AB8BBC18D8953800710409 /* InfoPlist.strings */,
				F6AB8BBF18D8953800710409 /* main.m */,
				F6AB8BC118D8953800710409 /* iOS-Cook-UI-Prefix.pch */,
				F607F53C18D898C00062E811 /* UIList.plist */,
			);
			name = "Supporting Files";
			sourceTree = "<group>";
		};
		F6AB8BD218D8953800710409 /* iOS-Cook-UITests */ = {
			isa = PBXGroup;
			children = (
				F6AB8BD818D8953800710409 /* iOS_Cook_UITests.m */,
				F6AB8BD318D8953800710409 /* Supporting Files */,
			);
			path = "iOS-Cook-UITests";
			sourceTree = "<group>";
		};
		F6AB8BD318D8953800710409 /* Supporting Files */ = {
			isa = PBXGroup;
			children = (
				F6AB8BD418D8953800710409 /* iOS-Cook-UITests-Info.plist */,
				F6AB8BD518D8953800710409 /* InfoPlist.strings */,
			);
			name = "Supporting Files";
			sourceTree = "<group>";
		};
		F6E185E818E337C90046F0D3 /* HUD */ = {
			isa = PBXGroup;
			children = (
				F6E185E918E3383A0046F0D3 /* XPHUD.h */,
				F6E185EA18E3383A0046F0D3 /* XPHUD.m */,
				F6A4A30318E52B7600ADF7BD /* XPHUDViewController.h */,
				F6A4A30418E52B7600ADF7BD /* XPHUDViewController.m */,
			);
			path = HUD;
			sourceTree = "<group>";
		};
		F6EBBEAD18DFF6A2001C252C /* Category */ = {
			isa = PBXGroup;
			children = (
				F6EBBEAE18DFF6BD001C252C /* UIColor+Category.h */,
				F6EBBEAF18DFF6BD001C252C /* UIColor+Category.m */,
				F6EBBEB118DFF6EF001C252C /* XPCategory.h */,
				F6A7F0F018E9ABC60084DB80 /* UILabel+Category.h */,
				F6A7F0F118E9ABC60084DB80 /* UILabel+Category.m */,
			);
			path = Category;
			sourceTree = "<group>";
		};
/* End PBXGroup section */

/* Begin PBXNativeTarget section */
		F6AB8BAF18D8953800710409 /* iOS-Cook-UI */ = {
			isa = PBXNativeTarget;
			buildConfigurationList = F6AB8BDC18D8953800710409 /* Build configuration list for PBXNativeTarget "iOS-Cook-UI" */;
			buildPhases = (
				F6AB8BAC18D8953800710409 /* Sources */,
				F6AB8BAD18D8953800710409 /* Frameworks */,
				F6AB8BAE18D8953800710409 /* Resources */,
			);
			buildRules = (
			);
			dependencies = (
			);
			name = "iOS-Cook-UI";
			productName = "iOS-Cook-UI";
			productReference = F6AB8BB018D8953800710409 /* iOS-Cook-UI.app */;
			productType = "com.apple.product-type.application";
		};
		F6AB8BCA18D8953800710409 /* iOS-Cook-UITests */ = {
			isa = PBXNativeTarget;
			buildConfigurationList = F6AB8BDF18D8953800710409 /* Build configuration list for PBXNativeTarget "iOS-Cook-UITests" */;
			buildPhases = (
				F6AB8BC718D8953800710409 /* Sources */,
				F6AB8BC818D8953800710409 /* Frameworks */,
				F6AB8BC918D8953800710409 /* Resources */,
			);
			buildRules = (
			);
			dependencies = (
				F6AB8BD118D8953800710409 /* PBXTargetDependency */,
			);
			name = "iOS-Cook-UITests";
			productName = "iOS-Cook-UITests";
			productReference = F6AB8BCB18D8953800710409 /* iOS-Cook-UITests.xctest */;
			productType = "com.apple.product-type.bundle.unit-test";
		};
/* End PBXNativeTarget section */

/* Begin PBXProject section */
		F6AB8BA818D8953800710409 /* Project object */ = {
			isa = PBXProject;
			attributes = {
				CLASSPREFIX = XP;
				LastUpgradeCheck = 0510;
				ORGANIZATIONNAME = newland;
				TargetAttributes = {
					F6AB8BCA18D8953800710409 = {
						TestTargetID = F6AB8BAF18D8953800710409;
					};
				};
			};
			buildConfigurationList = F6AB8BAB18D8953800710409 /* Build configuration list for PBXProject "iOS-Cook-UI" */;
			compatibilityVersion = "Xcode 3.2";
			developmentRegion = English;
			hasScannedForEncodings = 0;
			knownRegions = (
				en,
			);
			mainGroup = F6AB8BA718D8953800710409;
			productRefGroup = F6AB8BB118D8953800710409 /* Products */;
			projectDirPath = "";
			projectRoot = "";
			targets = (
				F6AB8BAF18D8953800710409 /* iOS-Cook-UI */,
				F6AB8BCA18D8953800710409 /* iOS-Cook-UITests */,
			);
		};
/* End PBXProject section */

/* Begin PBXResourcesBuildPhase section */
		F6AB8BAE18D8953800710409 /* Resources */ = {
			isa = PBXResourcesBuildPhase;
			buildActionMask = 2147483647;
			files = (
				F607F53D18D898C00062E811 /* UIList.plist in Resources */,
				F6AB8BBE18D8953800710409 /* InfoPlist.strings in Resources */,
				F6AB8BC618D8953800710409 /* Images.xcassets in Resources */,
				F6AB8BE318D895D300710409 /* XPMainStoryboard.storyboard in Resources */,
			);
			runOnlyForDeploymentPostprocessing = 0;
		};
		F6AB8BC918D8953800710409 /* Resources */ = {
			isa = PBXResourcesBuildPhase;
			buildActionMask = 2147483647;
			files = (
				F6AB8BD718D8953800710409 /* InfoPlist.strings in Resources */,
			);
			runOnlyForDeploymentPostprocessing = 0;
		};
/* End PBXResourcesBuildPhase section */

/* Begin PBXSourcesBuildPhase section */
		F6AB8BAC18D8953800710409 /* Sources */ = {
			isa = PBXSourcesBuildPhase;
			buildActionMask = 2147483647;
			files = (
				F69F1EE118E2DBD500B4F208 /* XPCommentViewController.m in Sources */,
				F6A4A30518E52B7600ADF7BD /* XPHUDViewController.m in Sources */,
				F69F1EDB18E2CD2C00B4F208 /* XPDrawerButton.m in Sources */,
				F6AB8BC418D8953800710409 /* XPAppDelegate.m in Sources */,
				F64FEF2B18E863F60012FF82 /* AFURLConnectionOperation.m in Sources */,
				F64FEF2A18E863F60012FF82 /* AFSecurityPolicy.m in Sources */,
				F69F1EDE18E2DBB400B4F208 /* XPTopicViewController.m in Sources */,
				F64FEF2818E863F60012FF82 /* AFHTTPSessionManager.m in Sources */,
				F66C92BF18E1A6DB0070341F /* XPDrawerViewController.m in Sources */,
				F69F1EEA18E2DC3C00B4F208 /* XPLocalViewController.m in Sources */,
				F69F1EE718E2DC0F00B4F208 /* XPSubscriptionViewController.m in Sources */,
				F66C92BB18E1A5F40070341F /* XPBlurSlideBarViewController.m in Sources */,
				F6AB8BC018D8953800710409 /* main.m in Sources */,
				F6E185EB18E3383A0046F0D3 /* XPHUD.m in Sources */,
				F6A7F0F218E9ABC60084DB80 /* UILabel+Category.m in Sources */,
				F64FEF2718E863F60012FF82 /* AFHTTPRequestOperationManager.m in Sources */,
				F66C92C818E1B7050070341F /* XPDrawerModel.m in Sources */,
				F64FEF2618E863F60012FF82 /* AFHTTPRequestOperation.m in Sources */,
				F64FEF2E18E863F60012FF82 /* AFURLSessionManager.m in Sources */,
				F607F54018D899D40062E811 /* XPUITableViewController.m in Sources */,
				F64FEF2918E863F60012FF82 /* AFNetworkReachabilityManager.m in Sources */,
				F64FEF2D18E863F60012FF82 /* AFURLResponseSerialization.m in Sources */,
				F64FEF2C18E863F60012FF82 /* AFURLRequestSerialization.m in Sources */,
				F6EBBEB018DFF6BD001C252C /* UIColor+Category.m in Sources */,
				F6A8875918E1F31D00D6E033 /* XPNewsViewController.m in Sources */,
				F69F1EE418E2DBF100B4F208 /* XPImageViewController.m in Sources */,
				F66C92C218E1B27D0070341F /* XPLeftDrawerViewController.m in Sources */,
				F66C92C518E1B28E0070341F /* XPRightDrawerViewController.m in Sources */,
				F66C92BA18E1A5F40070341F /* XPBlurSlideBarController.m in Sources */,
			);
			runOnlyForDeploymentPostprocessing = 0;
		};
		F6AB8BC718D8953800710409 /* Sources */ = {
			isa = PBXSourcesBuildPhase;
			buildActionMask = 2147483647;
			files = (
				F6AB8BD918D8953800710409 /* iOS_Cook_UITests.m in Sources */,
			);
			runOnlyForDeploymentPostprocessing = 0;
		};
/* End PBXSourcesBuildPhase section */

/* Begin PBXTargetDependency section */
		F6AB8BD118D8953800710409 /* PBXTargetDependency */ = {
			isa = PBXTargetDependency;
			target = F6AB8BAF18D8953800710409 /* iOS-Cook-UI */;
			targetProxy = F6AB8BD018D8953800710409 /* PBXContainerItemProxy */;
		};
/* End PBXTargetDependency section */

/* Begin PBXVariantGroup section */
		F6AB8BBC18D8953800710409 /* InfoPlist.strings */ = {
			isa = PBXVariantGroup;
			children = (
				F6AB8BBD18D8953800710409 /* en */,
			);
			name = InfoPlist.strings;
			sourceTree = "<group>";
		};
		F6AB8BD518D8953800710409 /* InfoPlist.strings */ = {
			isa = PBXVariantGroup;
			children = (
				F6AB8BD618D8953800710409 /* en */,
			);
			name = InfoPlist.strings;
			sourceTree = "<group>";
		};
/* End PBXVariantGroup section */

/* Begin XCBuildConfiguration section */
		F6AB8BDA18D8953800710409 /* Debug */ = {
			isa = XCBuildConfiguration;
			buildSettings = {
				ALWAYS_SEARCH_USER_PATHS = NO;
				CLANG_CXX_LANGUAGE_STANDARD = "gnu++0x";
				CLANG_CXX_LIBRARY = "libc++";
				CLANG_ENABLE_MODULES = YES;
				CLANG_ENABLE_OBJC_ARC = YES;
				CLANG_WARN_BOOL_CONVERSION = YES;
				CLANG_WARN_CONSTANT_CONVERSION = YES;
				CLANG_WARN_DIRECT_OBJC_ISA_USAGE = YES_ERROR;
				CLANG_WARN_EMPTY_BODY = YES;
				CLANG_WARN_ENUM_CONVERSION = YES;
				CLANG_WARN_INT_CONVERSION = YES;
				CLANG_WARN_OBJC_ROOT_CLASS = YES_ERROR;
				CLANG_WARN__DUPLICATE_METHOD_MATCH = YES;
				"CODE_SIGN_IDENTITY[sdk=iphoneos*]" = "iPhone Developer";
				COPY_PHASE_STRIP = NO;
				GCC_C_LANGUAGE_STANDARD = gnu99;
				GCC_DYNAMIC_NO_PIC = NO;
				GCC_OPTIMIZATION_LEVEL = 0;
				GCC_PREPROCESSOR_DEFINITIONS = (
					"DEBUG=1",
					"$(inherited)",
				);
				GCC_SYMBOLS_PRIVATE_EXTERN = NO;
				GCC_WARN_64_TO_32_BIT_CONVERSION = YES;
				GCC_WARN_ABOUT_RETURN_TYPE = YES_ERROR;
				GCC_WARN_UNDECLARED_SELECTOR = YES;
				GCC_WARN_UNINITIALIZED_AUTOS = YES_AGGRESSIVE;
				GCC_WARN_UNUSED_FUNCTION = YES;
				GCC_WARN_UNUSED_VARIABLE = YES;
				IPHONEOS_DEPLOYMENT_TARGET = 7.1;
				ONLY_ACTIVE_ARCH = YES;
				SDKROOT = iphoneos;
			};
			name = Debug;
		};
		F6AB8BDB18D8953800710409 /* Release */ = {
			isa = XCBuildConfiguration;
			buildSettings = {
				ALWAYS_SEARCH_USER_PATHS = NO;
				CLANG_CXX_LANGUAGE_STANDARD = "gnu++0x";
				CLANG_CXX_LIBRARY = "libc++";
				CLANG_ENABLE_MODULES = YES;
				CLANG_ENABLE_OBJC_ARC = YES;
				CLANG_WARN_BOOL_CONVERSION = YES;
				CLANG_WARN_CONSTANT_CONVERSION = YES;
				CLANG_WARN_DIRECT_OBJC_ISA_USAGE = YES_ERROR;
				CLANG_WARN_EMPTY_BODY = YES;
				CLANG_WARN_ENUM_CONVERSION = YES;
				CLANG_WARN_INT_CONVERSION = YES;
				CLANG_WARN_OBJC_ROOT_CLASS = YES_ERROR;
				CLANG_WARN__DUPLICATE_METHOD_MATCH = YES;
				"CODE_SIGN_IDENTITY[sdk=iphoneos*]" = "iPhone Developer";
				COPY_PHASE_STRIP = YES;
				ENABLE_NS_ASSERTIONS = NO;
				GCC_C_LANGUAGE_STANDARD = gnu99;
				GCC_WARN_64_TO_32_BIT_CONVERSION = YES;
				GCC_WARN_ABOUT_RETURN_TYPE = YES_ERROR;
				GCC_WARN_UNDECLARED_SELECTOR = YES;
				GCC_WARN_UNINITIALIZED_AUTOS = YES_AGGRESSIVE;
				GCC_WARN_UNUSED_FUNCTION = YES;
				GCC_WARN_UNUSED_VARIABLE = YES;
				IPHONEOS_DEPLOYMENT_TARGET = 7.1;
				SDKROOT = iphoneos;
				VALIDATE_PRODUCT = YES;
			};
			name = Release;
		};
		F6AB8BDD18D8953800710409 /* Debug */ = {
			isa = XCBuildConfiguration;
			buildSettings = {
				ASSETCATALOG_COMPILER_APPICON_NAME = AppIcon;
				ASSETCATALOG_COMPILER_LAUNCHIMAGE_NAME = LaunchImage;
				GCC_PRECOMPILE_PREFIX_HEADER = YES;
				GCC_PREFIX_HEADER = "iOS-Cook-UI/iOS-Cook-UI-Prefix.pch";
				INFOPLIST_FILE = "iOS-Cook-UI/iOS-Cook-UI-Info.plist";
				PRODUCT_NAME = "$(TARGET_NAME)";
				WRAPPER_EXTENSION = app;
			};
			name = Debug;
		};
		F6AB8BDE18D8953800710409 /* Release */ = {
			isa = XCBuildConfiguration;
			buildSettings = {
				ASSETCATALOG_COMPILER_APPICON_NAME = AppIcon;
				ASSETCATALOG_COMPILER_LAUNCHIMAGE_NAME = LaunchImage;
				GCC_PRECOMPILE_PREFIX_HEADER = YES;
				GCC_PREFIX_HEADER = "iOS-Cook-UI/iOS-Cook-UI-Prefix.pch";
				INFOPLIST_FILE = "iOS-Cook-UI/iOS-Cook-UI-Info.plist";
				PRODUCT_NAME = "$(TARGET_NAME)";
				WRAPPER_EXTENSION = app;
			};
			name = Release;
		};
		F6AB8BE018D8953800710409 /* Debug */ = {
			isa = XCBuildConfiguration;
			buildSettings = {
				BUNDLE_LOADER = "$(BUILT_PRODUCTS_DIR)/iOS-Cook-UI.app/iOS-Cook-UI";
				FRAMEWORK_SEARCH_PATHS = (
					"$(SDKROOT)/Developer/Library/Frameworks",
					"$(inherited)",
					"$(DEVELOPER_FRAMEWORKS_DIR)",
				);
				GCC_PRECOMPILE_PREFIX_HEADER = YES;
				GCC_PREFIX_HEADER = "iOS-Cook-UI/iOS-Cook-UI-Prefix.pch";
				GCC_PREPROCESSOR_DEFINITIONS = (
					"DEBUG=1",
					"$(inherited)",
				);
				INFOPLIST_FILE = "iOS-Cook-UITests/iOS-Cook-UITests-Info.plist";
				PRODUCT_NAME = "$(TARGET_NAME)";
				TEST_HOST = "$(BUNDLE_LOADER)";
				WRAPPER_EXTENSION = xctest;
			};
			name = Debug;
		};
		F6AB8BE118D8953800710409 /* Release */ = {
			isa = XCBuildConfiguration;
			buildSettings = {
				BUNDLE_LOADER = "$(BUILT_PRODUCTS_DIR)/iOS-Cook-UI.app/iOS-Cook-UI";
				FRAMEWORK_SEARCH_PATHS = (
					"$(SDKROOT)/Developer/Library/Frameworks",
					"$(inherited)",
					"$(DEVELOPER_FRAMEWORKS_DIR)",
				);
				GCC_PRECOMPILE_PREFIX_HEADER = YES;
				GCC_PREFIX_HEADER = "iOS-Cook-UI/iOS-Cook-UI-Prefix.pch";
				INFOPLIST_FILE = "iOS-Cook-UITests/iOS-Cook-UITests-Info.plist";
				PRODUCT_NAME = "$(TARGET_NAME)";
				TEST_HOST = "$(BUNDLE_LOADER)";
				WRAPPER_EXTENSION = xctest;
			};
			name = Release;
		};
/* End XCBuildConfiguration section */

/* Begin XCConfigurationList section */
		F6AB8BAB18D8953800710409 /* Build configuration list for PBXProject "iOS-Cook-UI" */ = {
			isa = XCConfigurationList;
			buildConfigurations = (
				F6AB8BDA18D8953800710409 /* Debug */,
				F6AB8BDB18D8953800710409 /* Release */,
			);
			defaultConfigurationIsVisible = 0;
			defaultConfigurationName = Release;
		};
		F6AB8BDC18D8953800710409 /* Build configuration list for PBXNativeTarget "iOS-Cook-UI" */ = {
			isa = XCConfigurationList;
			buildConfigurations = (
				F6AB8BDD18D8953800710409 /* Debug */,
				F6AB8BDE18D8953800710409 /* Release */,
			);
			defaultConfigurationIsVisible = 0;
			defaultConfigurationName = Release;
		};
		F6AB8BDF18D8953800710409 /* Build configuration list for PBXNativeTarget "iOS-Cook-UITests" */ = {
			isa = XCConfigurationList;
			buildConfigurations = (
				F6AB8BE018D8953800710409 /* Debug */,
				F6AB8BE118D8953800710409 /* Release */,
			);
			defaultConfigurationIsVisible = 0;
			defaultConfigurationName = Release;
		};
/* End XCConfigurationList section */
	};
	rootObject = F6AB8BA818D8953800710409 /* Project object */;
}
