// !$*UTF8*$!
{
	archiveVersion = 1;
	classes = {
	};
	objectVersion = 46;
	objects = {

/* Begin PBXBuildFile section */
		F607F53D18D898C00062E811 /* UIList.plist in Resources */ = {isa = PBXBuildFile; fileRef = F607F53C18D898C00062E811 /* UIList.plist */; };
		F607F54018D899D40062E811 /* XPUITableViewController.m in Sources */ = {isa = PBXBuildFile; fileRef = F607F53F18D899D40062E811 /* XPUITableViewController.m */; };
		F6A9813218D9D397007B4FC4 /* XPBlurSlideBarViewController.m in Sources */ = {isa = PBXBuildFile; fileRef = F6A9813118D9D397007B4FC4 /* XPBlurSlideBarViewController.m */; };
		F6A9813518D9D84C007B4FC4 /* XPBlurSlideBarController.m in Sources */ = {isa = PBXBuildFile; fileRef = F6A9813418D9D84C007B4FC4 /* XPBlurSlideBarController.m */; };
		F6AB8BB418D8953800710409 /* Foundation.framework in Frameworks */ = {isa = PBXBuildFile; fileRef = F6AB8BB318D8953800710409 /* Foundation.framework */; };
		F6AB8BB618D8953800710409 /* CoreGraphics.framework in Frameworks */ = {isa = PBXBuildFile; fileRef = F6AB8BB518D8953800710409 /* CoreGraphics.framework */; };
		F6AB8BB818D8953800710409 /* UIKit.framework in Frameworks */ = {isa = PBXBuildFile; fileRef = F6AB8BB718D8953800710409 /* UIKit.framework */; };
		F6AB8BBE18D8953800710409 /* InfoPlist.strings in Resources */ = {isa = PBXBuildFile; fileRef = F6AB8BBC18D8953800710409 /* InfoPlist.strings */; };
		F6AB8BC018D8953800710409 /* main.m in Sources */ = {isa = PBXBuildFile; fileRef = F6AB8BBF18D8953800710409 /* main.m */; };
		F6AB8BC418D8953800710409 /* XPAppDelegate.m in Sources */ = {isa = PBXBuildFile; fileRef = F6AB8BC318D8953800710409 /* XPAppDelegate.m */; };
		F6AB8BC618D8953800710409 /* Images.xcassets in Resources */ = {isa = PBXBuildFile; fileRef = F6AB8BC518D8953800710409 /* Images.xcassets */; };
		F6AB8BCD18D8953800710409 /* XCTest.framework in Frameworks */ = {isa = PBXBuildFile; fileRef = F6AB8BCC18D8953800710409 /* XCTest.framework */; };
		F6AB8BCE18D8953800710409 /* Foundation.framework in Frameworks */ = {isa = PBXBuildFile; fileRef = F6AB8BB318D8953800710409 /* Foundation.framework */; };
		F6AB8BCF18D8953800710409 /* UIKit.framework in Frameworks */ = {isa = PBXBuildFile; fileRef = F6AB8BB718D8953800710409 /* UIKit.framework */; };
		F6AB8BD718D8953800710409 /* InfoPlist.strings in Resources */ = {isa = PBXBuildFile; fileRef = F6AB8BD518D8953800710409 /* InfoPlist.strings */; };
		F6AB8BD918D8953800710409 /* iOS_Cook_UITests.m in Sources */ = {isa = PBXBuildFile; fileRef = F6AB8BD818D8953800710409 /* iOS_Cook_UITests.m */; };
		F6AB8BE318D895D300710409 /* XPMainStoryboard.storyboard in Resources */ = {isa = PBXBuildFile; fileRef = F6AB8BE218D895D300710409 /* XPMainStoryboard.storyboard */; };
		F6EBBEB018DFF6BD001C252C /* UIColor+Category.m in Sources */ = {isa = PBXBuildFile; fileRef = F6EBBEAF18DFF6BD001C252C /* UIColor+Category.m */; };
/* End PBXBuildFile section */

/* Begin PBXContainerItemProxy section */
		F6AB8BD018D8953800710409 /* PBXContainerItemProxy */ = {
			isa = PBXContainerItemProxy;
			containerPortal = F6AB8BA818D8953800710409 /* Project object */;
			proxyType = 1;
			remoteGlobalIDString = F6AB8BAF18D8953800710409;
			remoteInfo = "iOS-Cook-UI";
		};
/* End PBXContainerItemProxy section */

/* Begin PBXFileReference section */
		F607F53C18D898C00062E811 /* UIList.plist */ = {isa = PBXFileReference; fileEncoding = 4; lastKnownFileType = text.plist.xml; path = UIList.plist; sourceTree = "<group>"; };
		F607F53E18D899D40062E811 /* XPUITableViewController.h */ = {isa = PBXFileReference; fileEncoding = 4; lastKnownFileType = sourcecode.c.h; path = XPUITableViewController.h; sourceTree = "<group>"; };
		F607F53F18D899D40062E811 /* XPUITableViewController.m */ = {isa = PBXFileReference; fileEncoding = 4; lastKnownFileType = sourcecode.c.objc; path = XPUITableViewController.m; sourceTree = "<group>"; };
		F6A9813018D9D397007B4FC4 /* XPBlurSlideBarViewController.h */ = {isa = PBXFileReference; fileEncoding = 4; lastKnownFileType = sourcecode.c.h; path = XPBlurSlideBarViewController.h; sourceTree = "<group>"; };
		F6A9813118D9D397007B4FC4 /* XPBlurSlideBarViewController.m */ = {isa = PBXFileReference; fileEncoding = 4; lastKnownFileType = sourcecode.c.objc; path = XPBlurSlideBarViewController.m; sourceTree = "<group>"; };
		F6A9813318D9D84C007B4FC4 /* XPBlurSlideBarController.h */ = {isa = PBXFileReference; fileEncoding = 4; lastKnownFileType = sourcecode.c.h; path = XPBlurSlideBarController.h; sourceTree = "<group>"; };
		F6A9813418D9D84C007B4FC4 /* XPBlurSlideBarController.m */ = {isa = PBXFileReference; fileEncoding = 4; lastKnownFileType = sourcecode.c.objc; path = XPBlurSlideBarController.m; sourceTree = "<group>"; };
		F6AB8BB018D8953800710409 /* iOS-Cook-UI.app */ = {isa = PBXFileReference; explicitFileType = wrapper.application; includeInIndex = 0; path = "iOS-Cook-UI.app"; sourceTree = BUILT_PRODUCTS_DIR; };
		F6AB8BB318D8953800710409 /* Foundation.framework */ = {isa = PBXFileReference; lastKnownFileType = wrapper.framework; name = Foundation.framework; path = System/Library/Frameworks/Foundation.framework; sourceTree = SDKROOT; };
		F6AB8BB518D8953800710409 /* CoreGraphics.framework */ = {isa = PBXFileReference; lastKnownFileType = wrapper.framework; name = CoreGraphics.framework; path = System/Library/Frameworks/CoreGraphics.framework; sourceTree = SDKROOT; };
		F6AB8BB718D8953800710409 /* UIKit.framework */ = {isa = PBXFileReference; lastKnownFileType = wrapper.framework; name = UIKit.framework; path = System/Library/Frameworks/UIKit.framework; sourceTree = SDKROOT; };
		F6AB8BBB18D8953800710409 /* iOS-Cook-UI-Info.plist */ = {isa = PBXFileReference; lastKnownFileType = text.plist.xml; path = "iOS-Cook-UI-Info.plist"; sourceTree = "<group>"; };
		F6AB8BBD18D8953800710409 /* en */ = {isa = PBXFileReference; lastKnownFileType = text.plist.strings; name = en; path = en.lproj/InfoPlist.strings; sourceTree = "<group>"; };
		F6AB8BBF18D8953800710409 /* main.m */ = {isa = PBXFileReference; lastKnownFileType = sourcecode.c.objc; path = main.m; sourceTree = "<group>"; };
		F6AB8BC118D8953800710409 /* iOS-Cook-UI-Prefix.pch */ = {isa = PBXFileReference; lastKnownFileType = sourcecode.c.h; path = "iOS-Cook-UI-Prefix.pch"; sourceTree = "<group>"; };
		F6AB8BC218D8953800710409 /* XPAppDelegate.h */ = {isa = PBXFileReference; lastKnownFileType = sourcecode.c.h; path = XPAppDelegate.h; sourceTree = "<group>"; };
		F6AB8BC318D8953800710409 /* XPAppDelegate.m */ = {isa = PBXFileReference; lastKnownFileType = sourcecode.c.objc; path = XPAppDelegate.m; sourceTree = "<group>"; };
		F6AB8BC518D8953800710409 /* Images.xcassets */ = {isa = PBXFileReference; lastKnownFileType = folder.assetcatalog; path = Images.xcassets; sourceTree = "<group>"; };
		F6AB8BCB18D8953800710409 /* iOS-Cook-UITests.xctest */ = {isa = PBXFileReference; explicitFileType = wrapper.cfbundle; includeInIndex = 0; path = "iOS-Cook-UITests.xctest"; sourceTree = BUILT_PRODUCTS_DIR; };
		F6AB8BCC18D8953800710409 /* XCTest.framework */ = {isa = PBXFileReference; lastKnownFileType = wrapper.framework; name = XCTest.framework; path = Library/Frameworks/XCTest.framework; sourceTree = DEVELOPER_DIR; };
		F6AB8BD418D8953800710409 /* iOS-Cook-UITests-Info.plist */ = {isa = PBXFileReference; lastKnownFileType = text.plist.xml; path = "iOS-Cook-UITests-Info.plist"; sourceTree = "<group>"; };
		F6AB8BD618D8953800710409 /* en */ = {isa = PBXFileReference; lastKnownFileType = text.plist.strings; name = en; path = en.lproj/InfoPlist.strings; sourceTree = "<group>"; };
		F6AB8BD818D8953800710409 /* iOS_Cook_UITests.m */ = {isa = PBXFileReference; lastKnownFileType = sourcecode.c.objc; path = iOS_Cook_UITests.m; sourceTree = "<group>"; };
		F6AB8BE218D895D300710409 /* XPMainStoryboard.storyboard */ = {isa = PBXFileReference; fileEncoding = 4; lastKnownFileType = file.storyboard; path = XPMainStoryboard.storyboard; sourceTree = "<group>"; };
		F6EBBEAE18DFF6BD001C252C /* UIColor+Category.h */ = {isa = PBXFileReference; fileEncoding = 4; lastKnownFileType = sourcecode.c.h; path = "UIColor+Category.h"; sourceTree = "<group>"; };
		F6EBBEAF18DFF6BD001C252C /* UIColor+Category.m */ = {isa = PBXFileReference; fileEncoding = 4; lastKnownFileType = sourcecode.c.objc; path = "UIColor+Category.m"; sourceTree = "<group>"; };
		F6EBBEB118DFF6EF001C252C /* XPCategory.h */ = {isa = PBXFileReference; fileEncoding = 4; lastKnownFileType = sourcecode.c.h; path = XPCategory.h; sourceTree = "<group>"; };
/* End PBXFileReference section */

/* Begin PBXFrameworksBuildPhase section */
		F6AB8BAD18D8953800710409 /* Frameworks */ = {
			isa = PBXFrameworksBuildPhase;
			buildActionMask = 2147483647;
			files = (
				F6AB8BB618D8953800710409 /* CoreGraphics.framework in Frameworks */,
				F6AB8BB818D8953800710409 /* UIKit.framework in Frameworks */,
				F6AB8BB418D8953800710409 /* Foundation.framework in Frameworks */,
			);
			runOnlyForDeploymentPostprocessing = 0;
		};
		F6AB8BC818D8953800710409 /* Frameworks */ = {
			isa = PBXFrameworksBuildPhase;
			buildActionMask = 2147483647;
			files = (
				F6AB8BCD18D8953800710409 /* XCTest.framework in Frameworks */,
				F6AB8BCF18D8953800710409 /* UIKit.framework in Frameworks */,
				F6AB8BCE18D8953800710409 /* Foundation.framework in Frameworks */,
			);
			runOnlyForDeploymentPostprocessing = 0;
		};
/* End PBXFrameworksBuildPhase section */

/* Begin PBXGroup section */
		F6A9812F18D9D379007B4FC4 /* Blur Slide Bar */ = {
			isa = PBXGroup;
			children = (
				F6A9813018D9D397007B4FC4 /* XPBlurSlideBarViewController.h */,
				F6A9813118D9D397007B4FC4 /* XPBlurSlideBarViewController.m */,
				F6A9813318D9D84C007B4FC4 /* XPBlurSlideBarController.h */,
				F6A9813418D9D84C007B4FC4 /* XPBlurSlideBarController.m */,
			);
			path = "Blur Slide Bar";
			sourceTree = "<group>";
		};
		F6AB8BA718D8953800710409 = {
			isa = PBXGroup;
			children = (
				F6AB8BB918D8953800710409 /* iOS-Cook-UI */,
				F6AB8BD218D8953800710409 /* iOS-Cook-UITests */,
				F6AB8BB218D8953800710409 /* Frameworks */,
				F6AB8BB118D8953800710409 /* Products */,
			);
			sourceTree = "<group>";
		};
		F6AB8BB118D8953800710409 /* Products */ = {
			isa = PBXGroup;
			children = (
				F6AB8BB018D8953800710409 /* iOS-Cook-UI.app */,
				F6AB8BCB18D8953800710409 /* iOS-Cook-UITests.xctest */,
			);
			name = Products;
			sourceTree = "<group>";
		};
		F6AB8BB218D8953800710409 /* Frameworks */ = {
			isa = PBXGroup;
			children = (
				F6AB8BB318D8953800710409 /* Foundation.framework */,
				F6AB8BB518D8953800710409 /* CoreGraphics.framework */,
				F6AB8BB718D8953800710409 /* UIKit.framework */,
				F6AB8BCC18D8953800710409 /* XCTest.framework */,
			);
			name = Frameworks;
			sourceTree = "<group>";
		};
		F6AB8BB918D8953800710409 /* iOS-Cook-UI */ = {
			isa = PBXGroup;
			children = (
				F6EBBEAD18DFF6A2001C252C /* Category */,
				F6A9812F18D9D379007B4FC4 /* Blur Slide Bar */,
				F6AB8BC218D8953800710409 /* XPAppDelegate.h */,
				F6AB8BC318D8953800710409 /* XPAppDelegate.m */,
				F607F53E18D899D40062E811 /* XPUITableViewController.h */,
				F607F53F18D899D40062E811 /* XPUITableViewController.m */,
				F6AB8BC518D8953800710409 /* Images.xcassets */,
				F6AB8BE218D895D300710409 /* XPMainStoryboard.storyboard */,
				F6AB8BBA18D8953800710409 /* Supporting Files */,
			);
			path = "iOS-Cook-UI";
			sourceTree = "<group>";
		};
		F6AB8BBA18D8953800710409 /* Supporting Files */ = {
			isa = PBXGroup;
			children = (
				F6AB8BBB18D8953800710409 /* iOS-Cook-UI-Info.plist */,
				F6AB8BBC18D8953800710409 /* InfoPlist.strings */,
				F6AB8BBF18D8953800710409 /* main.m */,
				F6AB8BC118D8953800710409 /* iOS-Cook-UI-Prefix.pch */,
				F607F53C18D898C00062E811 /* UIList.plist */,
			);
			name = "Supporting Files";
			sourceTree = "<group>";
		};
		F6AB8BD218D8953800710409 /* iOS-Cook-UITests */ = {
			isa = PBXGroup;
			children = (
				F6AB8BD818D8953800710409 /* iOS_Cook_UITests.m */,
				F6AB8BD318D8953800710409 /* Supporting Files */,
			);
			path = "iOS-Cook-UITests";
			sourceTree = "<group>";
		};
		F6AB8BD318D8953800710409 /* Supporting Files */ = {
			isa = PBXGroup;
			children = (
				F6AB8BD418D8953800710409 /* iOS-Cook-UITests-Info.plist */,
				F6AB8BD518D8953800710409 /* InfoPlist.strings */,
			);
			name = "Supporting Files";
			sourceTree = "<group>";
		};
		F6EBBEAD18DFF6A2001C252C /* Category */ = {
			isa = PBXGroup;
			children = (
				F6EBBEAE18DFF6BD001C252C /* UIColor+Category.h */,
				F6EBBEAF18DFF6BD001C252C /* UIColor+Category.m */,
				F6EBBEB118DFF6EF001C252C /* XPCategory.h */,
			);
			path = Category;
			sourceTree = "<group>";
		};
/* End PBXGroup section */

/* Begin PBXNativeTarget section */
		F6AB8BAF18D8953800710409 /* iOS-Cook-UI */ = {
			isa = PBXNativeTarget;
			buildConfigurationList = F6AB8BDC18D8953800710409 /* Build configuration list for PBXNativeTarget "iOS-Cook-UI" */;
			buildPhases = (
				F6AB8BAC18D8953800710409 /* Sources */,
				F6AB8BAD18D8953800710409 /* Frameworks */,
				F6AB8BAE18D8953800710409 /* Resources */,
			);
			buildRules = (
			);
			dependencies = (
			);
			name = "iOS-Cook-UI";
			productName = "iOS-Cook-UI";
			productReference = F6AB8BB018D8953800710409 /* iOS-Cook-UI.app */;
			productType = "com.apple.product-type.application";
		};
		F6AB8BCA18D8953800710409 /* iOS-Cook-UITests */ = {
			isa = PBXNativeTarget;
			buildConfigurationList = F6AB8BDF18D8953800710409 /* Build configuration list for PBXNativeTarget "iOS-Cook-UITests" */;
			buildPhases = (
				F6AB8BC718D8953800710409 /* Sources */,
				F6AB8BC818D8953800710409 /* Frameworks */,
				F6AB8BC918D8953800710409 /* Resources */,
			);
			buildRules = (
			);
			dependencies = (
				F6AB8BD118D8953800710409 /* PBXTargetDependency */,
			);
			name = "iOS-Cook-UITests";
			productName = "iOS-Cook-UITests";
			productReference = F6AB8BCB18D8953800710409 /* iOS-Cook-UITests.xctest */;
			productType = "com.apple.product-type.bundle.unit-test";
		};
/* End PBXNativeTarget section */

/* Begin PBXProject section */
		F6AB8BA818D8953800710409 /* Project object */ = {
			isa = PBXProject;
			attributes = {
				CLASSPREFIX = XP;
				LastUpgradeCheck = 0510;
				ORGANIZATIONNAME = newland;
				TargetAttributes = {
					F6AB8BCA18D8953800710409 = {
						TestTargetID = F6AB8BAF18D8953800710409;
					};
				};
			};
			buildConfigurationList = F6AB8BAB18D8953800710409 /* Build configuration list for PBXProject "iOS-Cook-UI" */;
			compatibilityVersion = "Xcode 3.2";
			developmentRegion = English;
			hasScannedForEncodings = 0;
			knownRegions = (
				en,
			);
			mainGroup = F6AB8BA718D8953800710409;
			productRefGroup = F6AB8BB118D8953800710409 /* Products */;
			projectDirPath = "";
			projectRoot = "";
			targets = (
				F6AB8BAF18D8953800710409 /* iOS-Cook-UI */,
				F6AB8BCA18D8953800710409 /* iOS-Cook-UITests */,
			);
		};
/* End PBXProject section */

/* Begin PBXResourcesBuildPhase section */
		F6AB8BAE18D8953800710409 /* Resources */ = {
			isa = PBXResourcesBuildPhase;
			buildActionMask = 2147483647;
			files = (
				F607F53D18D898C00062E811 /* UIList.plist in Resources */,
				F6AB8BBE18D8953800710409 /* InfoPlist.strings in Resources */,
				F6AB8BC618D8953800710409 /* Images.xcassets in Resources */,
				F6AB8BE318D895D300710409 /* XPMainStoryboard.storyboard in Resources */,
			);
			runOnlyForDeploymentPostprocessing = 0;
		};
		F6AB8BC918D8953800710409 /* Resources */ = {
			isa = PBXResourcesBuildPhase;
			buildActionMask = 2147483647;
			files = (
				F6AB8BD718D8953800710409 /* InfoPlist.strings in Resources */,
			);
			runOnlyForDeploymentPostprocessing = 0;
		};
/* End PBXResourcesBuildPhase section */

/* Begin PBXSourcesBuildPhase section */
		F6AB8BAC18D8953800710409 /* Sources */ = {
			isa = PBXSourcesBuildPhase;
			buildActionMask = 2147483647;
			files = (
				F6AB8BC418D8953800710409 /* XPAppDelegate.m in Sources */,
				F6AB8BC018D8953800710409 /* main.m in Sources */,
				F607F54018D899D40062E811 /* XPUITableViewController.m in Sources */,
				F6A9813218D9D397007B4FC4 /* XPBlurSlideBarViewController.m in Sources */,
				F6A9813518D9D84C007B4FC4 /* XPBlurSlideBarController.m in Sources */,
				F6EBBEB018DFF6BD001C252C /* UIColor+Category.m in Sources */,
			);
			runOnlyForDeploymentPostprocessing = 0;
		};
		F6AB8BC718D8953800710409 /* Sources */ = {
			isa = PBXSourcesBuildPhase;
			buildActionMask = 2147483647;
			files = (
				F6AB8BD918D8953800710409 /* iOS_Cook_UITests.m in Sources */,
			);
			runOnlyForDeploymentPostprocessing = 0;
		};
/* End PBXSourcesBuildPhase section */

/* Begin PBXTargetDependency section */
		F6AB8BD118D8953800710409 /* PBXTargetDependency */ = {
			isa = PBXTargetDependency;
			target = F6AB8BAF18D8953800710409 /* iOS-Cook-UI */;
			targetProxy = F6AB8BD018D8953800710409 /* PBXContainerItemProxy */;
		};
/* End PBXTargetDependency section */

/* Begin PBXVariantGroup section */
		F6AB8BBC18D8953800710409 /* InfoPlist.strings */ = {
			isa = PBXVariantGroup;
			children = (
				F6AB8BBD18D8953800710409 /* en */,
			);
			name = InfoPlist.strings;
			sourceTree = "<group>";
		};
		F6AB8BD518D8953800710409 /* InfoPlist.strings */ = {
			isa = PBXVariantGroup;
			children = (
				F6AB8BD618D8953800710409 /* en */,
			);
			name = InfoPlist.strings;
			sourceTree = "<group>";
		};
/* End PBXVariantGroup section */

/* Begin XCBuildConfiguration section */
		F6AB8BDA18D8953800710409 /* Debug */ = {
			isa = XCBuildConfiguration;
			buildSettings = {
				ALWAYS_SEARCH_USER_PATHS = NO;
				CLANG_CXX_LANGUAGE_STANDARD = "gnu++0x";
				CLANG_CXX_LIBRARY = "libc++";
				CLANG_ENABLE_MODULES = YES;
				CLANG_ENABLE_OBJC_ARC = YES;
				CLANG_WARN_BOOL_CONVERSION = YES;
				CLANG_WARN_CONSTANT_CONVERSION = YES;
				CLANG_WARN_DIRECT_OBJC_ISA_USAGE = YES_ERROR;
				CLANG_WARN_EMPTY_BODY = YES;
				CLANG_WARN_ENUM_CONVERSION = YES;
				CLANG_WARN_INT_CONVERSION = YES;
				CLANG_WARN_OBJC_ROOT_CLASS = YES_ERROR;
				CLANG_WARN__DUPLICATE_METHOD_MATCH = YES;
				"CODE_SIGN_IDENTITY[sdk=iphoneos*]" = "iPhone Developer";
				COPY_PHASE_STRIP = NO;
				GCC_C_LANGUAGE_STANDARD = gnu99;
				GCC_DYNAMIC_NO_PIC = NO;
				GCC_OPTIMIZATION_LEVEL = 0;
				GCC_PREPROCESSOR_DEFINITIONS = (
					"DEBUG=1",
					"$(inherited)",
				);
				GCC_SYMBOLS_PRIVATE_EXTERN = NO;
				GCC_WARN_64_TO_32_BIT_CONVERSION = YES;
				GCC_WARN_ABOUT_RETURN_TYPE = YES_ERROR;
				GCC_WARN_UNDECLARED_SELECTOR = YES;
				GCC_WARN_UNINITIALIZED_AUTOS = YES_AGGRESSIVE;
				GCC_WARN_UNUSED_FUNCTION = YES;
				GCC_WARN_UNUSED_VARIABLE = YES;
				IPHONEOS_DEPLOYMENT_TARGET = 7.1;
				ONLY_ACTIVE_ARCH = YES;
				SDKROOT = iphoneos;
			};
			name = Debug;
		};
		F6AB8BDB18D8953800710409 /* Release */ = {
			isa = XCBuildConfiguration;
			buildSettings = {
				ALWAYS_SEARCH_USER_PATHS = NO;
				CLANG_CXX_LANGUAGE_STANDARD = "gnu++0x";
				CLANG_CXX_LIBRARY = "libc++";
				CLANG_ENABLE_MODULES = YES;
				CLANG_ENABLE_OBJC_ARC = YES;
				CLANG_WARN_BOOL_CONVERSION = YES;
				CLANG_WARN_CONSTANT_CONVERSION = YES;
				CLANG_WARN_DIRECT_OBJC_ISA_USAGE = YES_ERROR;
				CLANG_WARN_EMPTY_BODY = YES;
				CLANG_WARN_ENUM_CONVERSION = YES;
				CLANG_WARN_INT_CONVERSION = YES;
				CLANG_WARN_OBJC_ROOT_CLASS = YES_ERROR;
				CLANG_WARN__DUPLICATE_METHOD_MATCH = YES;
				"CODE_SIGN_IDENTITY[sdk=iphoneos*]" = "iPhone Developer";
				COPY_PHASE_STRIP = YES;
				ENABLE_NS_ASSERTIONS = NO;
				GCC_C_LANGUAGE_STANDARD = gnu99;
				GCC_WARN_64_TO_32_BIT_CONVERSION = YES;
				GCC_WARN_ABOUT_RETURN_TYPE = YES_ERROR;
				GCC_WARN_UNDECLARED_SELECTOR = YES;
				GCC_WARN_UNINITIALIZED_AUTOS = YES_AGGRESSIVE;
				GCC_WARN_UNUSED_FUNCTION = YES;
				GCC_WARN_UNUSED_VARIABLE = YES;
				IPHONEOS_DEPLOYMENT_TARGET = 7.1;
				SDKROOT = iphoneos;
				VALIDATE_PRODUCT = YES;
			};
			name = Release;
		};
		F6AB8BDD18D8953800710409 /* Debug */ = {
			isa = XCBuildConfiguration;
			buildSettings = {
				ASSETCATALOG_COMPILER_APPICON_NAME = AppIcon;
				ASSETCATALOG_COMPILER_LAUNCHIMAGE_NAME = LaunchImage;
				GCC_PRECOMPILE_PREFIX_HEADER = YES;
				GCC_PREFIX_HEADER = "iOS-Cook-UI/iOS-Cook-UI-Prefix.pch";
				INFOPLIST_FILE = "iOS-Cook-UI/iOS-Cook-UI-Info.plist";
				PRODUCT_NAME = "$(TARGET_NAME)";
				WRAPPER_EXTENSION = app;
			};
			name = Debug;
		};
		F6AB8BDE18D8953800710409 /* Release */ = {
			isa = XCBuildConfiguration;
			buildSettings = {
				ASSETCATALOG_COMPILER_APPICON_NAME = AppIcon;
				ASSETCATALOG_COMPILER_LAUNCHIMAGE_NAME = LaunchImage;
				GCC_PRECOMPILE_PREFIX_HEADER = YES;
				GCC_PREFIX_HEADER = "iOS-Cook-UI/iOS-Cook-UI-Prefix.pch";
				INFOPLIST_FILE = "iOS-Cook-UI/iOS-Cook-UI-Info.plist";
				PRODUCT_NAME = "$(TARGET_NAME)";
				WRAPPER_EXTENSION = app;
			};
			name = Release;
		};
		F6AB8BE018D8953800710409 /* Debug */ = {
			isa = XCBuildConfiguration;
			buildSettings = {
				BUNDLE_LOADER = "$(BUILT_PRODUCTS_DIR)/iOS-Cook-UI.app/iOS-Cook-UI";
				FRAMEWORK_SEARCH_PATHS = (
					"$(SDKROOT)/Developer/Library/Frameworks",
					"$(inherited)",
					"$(DEVELOPER_FRAMEWORKS_DIR)",
				);
				GCC_PRECOMPILE_PREFIX_HEADER = YES;
				GCC_PREFIX_HEADER = "iOS-Cook-UI/iOS-Cook-UI-Prefix.pch";
				GCC_PREPROCESSOR_DEFINITIONS = (
					"DEBUG=1",
					"$(inherited)",
				);
				INFOPLIST_FILE = "iOS-Cook-UITests/iOS-Cook-UITests-Info.plist";
				PRODUCT_NAME = "$(TARGET_NAME)";
				TEST_HOST = "$(BUNDLE_LOADER)";
				WRAPPER_EXTENSION = xctest;
			};
			name = Debug;
		};
		F6AB8BE118D8953800710409 /* Release */ = {
			isa = XCBuildConfiguration;
			buildSettings = {
				BUNDLE_LOADER = "$(BUILT_PRODUCTS_DIR)/iOS-Cook-UI.app/iOS-Cook-UI";
				FRAMEWORK_SEARCH_PATHS = (
					"$(SDKROOT)/Developer/Library/Frameworks",
					"$(inherited)",
					"$(DEVELOPER_FRAMEWORKS_DIR)",
				);
				GCC_PRECOMPILE_PREFIX_HEADER = YES;
				GCC_PREFIX_HEADER = "iOS-Cook-UI/iOS-Cook-UI-Prefix.pch";
				INFOPLIST_FILE = "iOS-Cook-UITests/iOS-Cook-UITests-Info.plist";
				PRODUCT_NAME = "$(TARGET_NAME)";
				TEST_HOST = "$(BUNDLE_LOADER)";
				WRAPPER_EXTENSION = xctest;
			};
			name = Release;
		};
/* End XCBuildConfiguration section */

/* Begin XCConfigurationList section */
		F6AB8BAB18D8953800710409 /* Build configuration list for PBXProject "iOS-Cook-UI" */ = {
			isa = XCConfigurationList;
			buildConfigurations = (
				F6AB8BDA18D8953800710409 /* Debug */,
				F6AB8BDB18D8953800710409 /* Release */,
			);
			defaultConfigurationIsVisible = 0;
			defaultConfigurationName = Release;
		};
		F6AB8BDC18D8953800710409 /* Build configuration list for PBXNativeTarget "iOS-Cook-UI" */ = {
			isa = XCConfigurationList;
			buildConfigurations = (
				F6AB8BDD18D8953800710409 /* Debug */,
				F6AB8BDE18D8953800710409 /* Release */,
			);
			defaultConfigurationIsVisible = 0;
			defaultConfigurationName = Release;
		};
		F6AB8BDF18D8953800710409 /* Build configuration list for PBXNativeTarget "iOS-Cook-UITests" */ = {
			isa = XCConfigurationList;
			buildConfigurations = (
				F6AB8BE018D8953800710409 /* Debug */,
				F6AB8BE118D8953800710409 /* Release */,
			);
			defaultConfigurationIsVisible = 0;
			defaultConfigurationName = Release;
		};
/* End XCConfigurationList section */
	};
	rootObject = F6AB8BA818D8953800710409 /* Project object */;
}
